# Generated by conda-lock.
# platform: win-64
# input_hash: 0995fe7c64ea02311dfa887ee740e95ce4617054e2171143d91aae3e4b256ca7
@EXPLICIT
https://conda.anaconda.org/conda-forge/win-64/ca-certificates-2024.7.4-h56e8100_0.conda#9caa97c9504072cd060cf0a3142cc0ed
https://conda.anaconda.org/conda-forge/noarch/font-ttf-dejavu-sans-mono-2.37-hab24e00_0.tar.bz2#0c96522c6bdaed4b1566d11387caaf45
https://conda.anaconda.org/conda-forge/noarch/font-ttf-inconsolata-3.000-h77eed37_0.tar.bz2#34893075a5c9e55cdafac56607368fc6
https://conda.anaconda.org/conda-forge/noarch/font-ttf-source-code-pro-2.038-h77eed37_0.tar.bz2#4d59c254e01d9cde7957100457e2d5fb
https://conda.anaconda.org/conda-forge/noarch/font-ttf-ubuntu-0.83-h77eed37_2.conda#cbbe59391138ea5ad3658c76912e147f
https://conda.anaconda.org/conda-forge/win-64/intel-openmp-2024.2.0-h57928b3_980.conda#9c28c39e64871a0adef7d1195bd58655
https://conda.anaconda.org/conda-forge/win-64/libexpat-2.6.2-h63175ca_0.conda#bc592d03f62779511d392c175dcece64
https://conda.anaconda.org/conda-forge/win-64/msys2-conda-epoch-20160418-1.tar.bz2#b0309b72560df66f71a9d5e34a5efdfa
https://conda.anaconda.org/conda-forge/win-64/python_abi-3.9-4_cp39.conda#948b0d93d4ab1372d8fd45e1560afd47
https://conda.anaconda.org/conda-forge/noarch/tzdata-2024a-h0c530f3_0.conda#161081fc7cec0bfda0d86d7cb595f8d8
https://conda.anaconda.org/conda-forge/win-64/ucrt-10.0.22621.0-h57928b3_0.tar.bz2#72608f6cd3e5898229c3ea16deb1ac43
https://conda.anaconda.org/conda-forge/win-64/expat-2.6.2-h63175ca_0.conda#52f9dec6758ceb8ce0ea8af9fa13eb1a
https://conda.anaconda.org/conda-forge/noarch/fonts-conda-forge-1-0.tar.bz2#f766549260d6815b0c52253f1fb1bb29
https://conda.anaconda.org/conda-forge/win-64/m2w64-gmp-6.1.0-2.tar.bz2#53a1c73e1e3d185516d7e3af177596d9
https://conda.anaconda.org/conda-forge/win-64/m2w64-libwinpthread-git-5.0.0.4634.697f757-2.tar.bz2#774130a326dee16f1ceb05cc687ee4f0
https://conda.anaconda.org/conda-forge/win-64/vc14_runtime-14.40.33810-ha82c5b3_20.conda#e39cc4c34c53654ec939558993d9dc5b
https://conda.anaconda.org/conda-forge/noarch/fonts-conda-ecosystem-1-0.tar.bz2#fee5683a3f04bd15cbd8318b096a27ab
https://conda.anaconda.org/conda-forge/win-64/m2w64-gcc-libs-core-5.3.0-7.tar.bz2#4289d80fb4d272f1f3b56cfe87ac90bd
https://conda.anaconda.org/conda-forge/win-64/vc-14.3-h8a93ad2_20.conda#8558f367e1d7700554f7cdb823c46faf
https://conda.anaconda.org/conda-forge/win-64/vs2015_runtime-14.40.33810-h3bf8584_20.conda#c21f1b4a3a30bbc3ef35a50957578e0e
https://conda.anaconda.org/conda-forge/win-64/bzip2-1.0.8-h2466b09_7.conda#276e7ffe9ffe39688abc665ef0f45596
https://conda.anaconda.org/conda-forge/win-64/double-conversion-3.3.0-h63175ca_0.conda#1a8bc18b24014167b2184c5afbe6037e
https://conda.anaconda.org/conda-forge/win-64/graphite2-1.3.13-h63175ca_1003.conda#3194499ee7d1a67404a87d0eefdd92c6
https://conda.anaconda.org/conda-forge/win-64/icu-75.1-he0c23c2_0.conda#8579b6bb8d18be7c0b27fb08adeeeb40
https://conda.anaconda.org/conda-forge/win-64/lerc-4.0.0-h63175ca_0.tar.bz2#1900cb3cab5055833cfddb0ba233b074
https://conda.anaconda.org/conda-forge/win-64/libaec-1.1.3-h63175ca_0.conda#8723000f6ffdbdaef16025f0a01b64c5
https://conda.anaconda.org/conda-forge/win-64/libbrotlicommon-1.1.0-hcfcfb64_1.conda#f77f319fb82980166569e1280d5b2864
https://conda.anaconda.org/conda-forge/win-64/libdeflate-1.21-h2466b09_0.conda#4ebe2206ebf4bf38f6084ad836110361
https://conda.anaconda.org/conda-forge/win-64/libffi-3.4.2-h8ffe710_5.tar.bz2#2c96d1b6915b408893f9472569dee135
https://conda.anaconda.org/conda-forge/win-64/libiconv-1.17-hcfcfb64_2.conda#e1eb10b1cca179f2baa3601e4efc8712
https://conda.anaconda.org/conda-forge/win-64/libjpeg-turbo-3.0.0-hcfcfb64_1.conda#3f1b948619c45b1ca714d60c7389092c
https://conda.anaconda.org/conda-forge/win-64/libsqlite-3.46.0-h2466b09_0.conda#951b0a3a463932e17414cd9f047fa03d
https://conda.anaconda.org/conda-forge/win-64/libwebp-base-1.4.0-hcfcfb64_0.conda#abd61d0ab127ec5cd68f62c2969e6f34
https://conda.anaconda.org/conda-forge/win-64/libzlib-1.3.1-h2466b09_1.conda#d4483ca8afc57ddf1f6dded53b36c17f
https://conda.anaconda.org/conda-forge/win-64/lz4-c-1.9.4-hcfcfb64_0.conda#e34720eb20a33fc3bfb8451dd837ab7a
https://conda.anaconda.org/conda-forge/win-64/m2w64-gcc-libgfortran-5.3.0-6.tar.bz2#066552ac6b907ec6d72c0ddab29050dc
https://conda.anaconda.org/conda-forge/win-64/openssl-3.3.1-h2466b09_2.conda#375dbc2a4d5a2e4c738703207e8e368b
https://conda.anaconda.org/conda-forge/win-64/pixman-0.43.4-h63175ca_0.conda#b98135614135d5f458b75ab9ebb9558c
https://conda.anaconda.org/conda-forge/win-64/pthreads-win32-2.9.1-hfa6e2cd_3.tar.bz2#e2da8758d7d51ff6aa78a14dfb9dbed4
https://conda.anaconda.org/conda-forge/win-64/qhull-2020.2-hc790b64_5.conda#854fbdff64b572b5c0b470f334d34c11
https://conda.anaconda.org/conda-forge/win-64/snappy-1.2.1-h23299a8_0.conda#7635a408509e20dcfc7653ca305ad799
https://conda.anaconda.org/conda-forge/win-64/tk-8.6.13-h5226925_1.conda#fc048363eb8f03cd1737600a5d08aafe
https://conda.anaconda.org/conda-forge/win-64/xz-5.2.6-h8d14728_0.tar.bz2#515d77642eaa3639413c6b1bc3f94219
https://conda.anaconda.org/conda-forge/win-64/hdf4-4.2.15-h5557f11_7.conda#84344a916a73727c1326841007b52ca8
https://conda.anaconda.org/conda-forge/win-64/krb5-1.21.3-hdf4eb48_0.conda#31aec030344e962fbd7dbbbbd68e60a9
https://conda.anaconda.org/conda-forge/win-64/libbrotlidec-1.1.0-hcfcfb64_1.conda#19ce3e1dacc7912b3d6ff40690ba9ae0
https://conda.anaconda.org/conda-forge/win-64/libbrotlienc-1.1.0-hcfcfb64_1.conda#71e890a0b361fd58743a13f77e1506b7
https://conda.anaconda.org/conda-forge/win-64/libintl-0.22.5-h5728263_2.conda#aa622c938af057adc119f8b8eecada01
https://conda.anaconda.org/conda-forge/win-64/libpng-1.6.43-h19919ed_0.conda#77e398acc32617a0384553aea29e866b
https://conda.anaconda.org/conda-forge/win-64/libssh2-1.11.0-h7dfc565_0.conda#dc262d03aae04fe26825062879141a41
https://conda.anaconda.org/conda-forge/win-64/libxml2-2.12.7-h0f24e4e_4.conda#ed4d301f0d2149b34deb9c4fecafd836
https://conda.anaconda.org/conda-forge/win-64/libzip-1.10.1-h1d365fa_3.conda#5c629cd12d89e2856c17b1dc5fcf44a4
https://conda.anaconda.org/conda-forge/win-64/m2w64-gcc-libs-5.3.0-7.tar.bz2#fe759119b8b3bfa720b8762c6fdc35de
https://conda.anaconda.org/conda-forge/win-64/pcre2-10.44-h3d7b363_0.conda#007d07ab5027e0bf49f6fa660a9f89a0
https://conda.anaconda.org/conda-forge/win-64/python-3.9.19-h4de0772_0_cpython.conda#b6999bc275e0e6beae7b1c8ea0be1e85
https://conda.anaconda.org/conda-forge/win-64/zlib-1.3.1-h2466b09_1.conda#f8e0a35bf6df768ad87ed7bbbc36ab04
https://conda.anaconda.org/conda-forge/win-64/zstd-1.5.6-h0ea2cb4_0.conda#9a17230f95733c04dc40a2b1e5491d74
https://conda.anaconda.org/conda-forge/noarch/aenum-3.1.15-pyhd8ed1ab_0.conda#24cff7ab050ebb8a16bdeb02e8ed6f63
https://conda.anaconda.org/conda-forge/noarch/appdirs-1.4.4-pyh9f0ad1d_0.tar.bz2#5f095bc6454094e96f146491fd03633b
https://conda.anaconda.org/conda-forge/noarch/attrs-24.2.0-pyh71513ae_0.conda#6732fa52eb8e66e5afeb32db8701a791
https://conda.anaconda.org/conda-forge/win-64/blosc-1.21.6-h85f69ea_0.conda#2390269374fded230fcbca8332a4adc0
https://conda.anaconda.org/conda-forge/win-64/brotli-bin-1.1.0-hcfcfb64_1.conda#0105229d7c5fabaa840043a86c10ec64
https://conda.anaconda.org/conda-forge/win-64/brotli-python-1.1.0-py39h99910a6_1.conda#f24ba3942ece1e5d3dcde934f0532998
https://conda.anaconda.org/conda-forge/noarch/cachetools-5.4.0-pyhd8ed1ab_0.conda#c55fbbc5bac8e9efbba71c0d1ed57713
https://conda.anaconda.org/conda-forge/noarch/certifi-2024.7.4-pyhd8ed1ab_0.conda#24e7fd6ca65997938fff9e5ab6f653e4
https://conda.anaconda.org/conda-forge/noarch/charset-normalizer-3.3.2-pyhd8ed1ab_0.conda#7f4a9e3fcff3f6356ae99244a014da6a
https://conda.anaconda.org/conda-forge/noarch/colorama-0.4.6-pyhd8ed1ab_0.tar.bz2#3faab06a954c2a04039983f2c4a50d99
https://conda.anaconda.org/conda-forge/noarch/cycler-0.12.1-pyhd8ed1ab_0.conda#5cd86562580f274031ede6aa6aa24441
https://conda.anaconda.org/conda-forge/noarch/dynaconf-3.2.6-pyhd8ed1ab_0.conda#b7db5541c4884397512e202a3b135bc8
https://conda.anaconda.org/conda-forge/win-64/freetype-2.12.1-hdaf720e_2.conda#3761b23693f768dc75a8fd0a73ca053f
https://conda.anaconda.org/conda-forge/noarch/hpack-4.0.0-pyh9f0ad1d_0.tar.bz2#914d6646c4dbb1fd3ff539830a12fd71
https://conda.anaconda.org/conda-forge/noarch/hyperframe-6.0.1-pyhd8ed1ab_0.tar.bz2#9f765cbfab6870c8435b9eefecd7a1f4
https://conda.anaconda.org/conda-forge/noarch/idna-3.7-pyhd8ed1ab_0.conda#c0cc1420498b17414d8617d0b9f506ca
https://conda.anaconda.org/conda-forge/win-64/kiwisolver-1.4.5-py39h1f6ef14_1.conda#4fc5bd0a7b535252028c647cc27d6c87
https://conda.anaconda.org/conda-forge/win-64/libclang13-18.1.8-default_ha5278ca_1.conda#30a167d5b69555fbf39192a23e40df52
https://conda.anaconda.org/conda-forge/win-64/libcurl-8.9.1-h18fefc2_0.conda#099a1016d23baa4f41148a985351a7a8
https://conda.anaconda.org/conda-forge/win-64/libglib-2.80.3-h7025463_2.conda#b60894793e7e4a555027bfb4e4ed1d54
https://conda.anaconda.org/conda-forge/win-64/libhwloc-2.11.1-default_h8125262_1000.conda#933bad6e4658157f1aec9b171374fde2
https://conda.anaconda.org/conda-forge/win-64/libtiff-4.6.0-hb151862_4.conda#7d35d9aa8f051d548116039f5813c8ec
https://conda.anaconda.org/conda-forge/win-64/libxslt-1.1.39-h3df6e99_0.conda#279ee338c9b34871d578cb3c7aa68f70
https://conda.anaconda.org/conda-forge/noarch/mdurl-0.1.2-pyhd8ed1ab_0.conda#776a8dd9e824f77abac30e6ef43a8f7a
https://conda.anaconda.org/conda-forge/noarch/munkres-1.1.4-pyh9f0ad1d_0.tar.bz2#2ba8498c1018c1e9c61eb99b973dfe19
https://conda.anaconda.org/conda-forge/noarch/mypy_extensions-1.0.0-pyha770c72_0.conda#4eccaeba205f0aed9ac3a9ea58568ca3
https://conda.anaconda.org/conda-forge/noarch/packaging-24.1-pyhd8ed1ab_0.conda#cbe1bb1f21567018ce595d9c2be0f0db
https://conda.anaconda.org/conda-forge/noarch/platformdirs-4.2.2-pyhd8ed1ab_0.conda#6f6cf28bf8e021933869bae3f84b8fc9
https://conda.anaconda.org/conda-forge/win-64/pthread-stubs-0.4-hcd874cb_1001.tar.bz2#a1f820480193ea83582b13249a7e7bd9
https://conda.anaconda.org/conda-forge/noarch/pycparser-2.22-pyhd8ed1ab_0.conda#844d9eb3b43095b031874477f7d70088
https://conda.anaconda.org/conda-forge/noarch/pygments-2.18.0-pyhd8ed1ab_0.conda#b7f5c092b8f9800150d998a71b76d5a1
https://conda.anaconda.org/conda-forge/noarch/pyparsing-3.1.2-pyhd8ed1ab_0.conda#b9a4dacf97241704529131a0dfc0494f
https://conda.anaconda.org/conda-forge/noarch/python-tzdata-2024.1-pyhd8ed1ab_0.conda#98206ea9954216ee7540f0c773f2104d
https://conda.anaconda.org/conda-forge/noarch/pytz-2024.1-pyhd8ed1ab_0.conda#3eeeeb9e4827ace8c0c1419c85d590ad
https://conda.anaconda.org/conda-forge/win-64/ruamel.yaml.clib-0.2.8-py39ha55989b_0.conda#07aae1fdd812b411cec84c0d47339d22
https://conda.anaconda.org/conda-forge/noarch/setuptools-72.1.0-pyhd8ed1ab_0.conda#e06d4c26df4f958a8d38696f2c344d15
https://conda.anaconda.org/conda-forge/noarch/shellingham-1.5.4-pyhd8ed1ab_0.conda#d08db09a552699ee9e7eec56b4eb3899
https://conda.anaconda.org/conda-forge/noarch/six-1.16.0-pyh6c4a22f_0.tar.bz2#e5f25f8dbc060e9a8d912e432202afc2
https://conda.anaconda.org/conda-forge/win-64/tornado-6.4.1-py39ha55e580_0.conda#7d1e87f3036af858ce7e248489c3faec
https://conda.anaconda.org/conda-forge/noarch/typing_extensions-4.12.2-pyha770c72_0.conda#ebe6952715e1d5eb567eeebf25250fa7
https://conda.anaconda.org/conda-forge/win-64/unicodedata2-15.1.0-py39ha55989b_0.conda#20ec896e8d97f2ff8be1124e624dc8f2
https://conda.anaconda.org/conda-forge/noarch/win_inet_pton-1.1.0-pyhd8ed1ab_6.tar.bz2#30878ecc4bd36e8deeea1e3c151b2e0b
https://conda.anaconda.org/conda-forge/win-64/xorg-libxau-1.0.11-hcd874cb_0.conda#c46ba8712093cb0114404ae8a7582e1a
https://conda.anaconda.org/conda-forge/win-64/xorg-libxdmcp-1.1.3-hcd874cb_0.tar.bz2#46878ebb6b9cbd8afcf8088d7ef00ece
https://conda.anaconda.org/conda-forge/noarch/zipp-3.19.2-pyhd8ed1ab_0.conda#49808e59df5535116f6878b2a820d6f4
https://conda.anaconda.org/conda-forge/win-64/brotli-1.1.0-hcfcfb64_1.conda#f47f6db2528e38321fb00ae31674c133
https://conda.anaconda.org/conda-forge/noarch/cerberus-1.3.5-pyhd8ed1ab_0.conda#ba11a2e4192cbaf1fd671e0687ecd5df
https://conda.anaconda.org/conda-forge/win-64/cffi-1.17.0-py39ha55e580_0.conda#3906d3945539e7c50effca7372a68b18
https://conda.anaconda.org/conda-forge/noarch/click-8.1.7-win_pyh7428d3b_0.conda#3549ecbceb6cd77b91a105511b7d0786
https://conda.anaconda.org/eradiate/noarch/dessinemoi-24.1.0-py_0.tar.bz2#7c034fc39ac52936640aecab2d7fa0d7
https://conda.anaconda.org/conda-forge/win-64/fontconfig-2.14.2-hbde0cde_0.conda#08767992f1a4f1336a257af1241034bd
https://conda.anaconda.org/conda-forge/noarch/h2-4.1.0-pyhd8ed1ab_0.tar.bz2#b748fbf7060927a6e82df7cb5ee8f097
https://conda.anaconda.org/conda-forge/win-64/hdf5-1.14.3-nompi_h2b43c12_105.conda#5788de34381caf624b78c4981618dc0a
https://conda.anaconda.org/conda-forge/noarch/importlib-metadata-8.2.0-pyha770c72_0.conda#c261d14fc7f49cdd403868998a18c318
https://conda.anaconda.org/conda-forge/noarch/importlib_resources-6.4.0-pyhd8ed1ab_0.conda#c5d3907ad8bd7bf557521a1833cf7e6d
https://conda.anaconda.org/conda-forge/win-64/lcms2-2.16-h67d730c_0.conda#d3592435917b62a8becff3a60db674f6
https://conda.anaconda.org/conda-forge/win-64/libxcb-1.16-hcd874cb_0.conda#7c1217d3b075f195ab17370f2d550f5d
https://conda.anaconda.org/conda-forge/noarch/markdown-it-py-3.0.0-pyhd8ed1ab_0.conda#93a8e71256479c62074356ef6ebf501b
https://conda.anaconda.org/conda-forge/win-64/openjpeg-2.5.2-h3d672ee_0.conda#7e7099ad94ac3b599808950cec30ad4e
https://conda.anaconda.org/conda-forge/noarch/pysocks-1.7.1-pyh0701188_6.tar.bz2#56cd9fe388baac0e90c7149cfac95b60
https://conda.anaconda.org/conda-forge/noarch/python-dateutil-2.9.0-pyhd8ed1ab_0.conda#2cf4264fffb9e6eff6031c5b6884d61c
https://conda.anaconda.org/conda-forge/win-64/ruamel.yaml-0.18.6-py39ha55989b_0.conda#7839645d467f5d3bc52709a3d484fa62
https://conda.anaconda.org/conda-forge/win-64/tbb-2021.12.0-hc790b64_3.conda#a16e2a639e87c554abee5192ce6ee308
https://conda.anaconda.org/conda-forge/noarch/tqdm-4.66.5-pyhd8ed1ab_0.conda#c6e94fc2b2ec71ea33fe7c7da259acb4
https://conda.anaconda.org/conda-forge/noarch/typing-extensions-4.12.2-hd8ed1ab_0.conda#52d648bd608f5737b123f510bb5514b5
https://conda.anaconda.org/conda-forge/noarch/typing_inspect-0.9.0-pyhd8ed1ab_0.conda#9e924b76b91908a17e28a19a0ab88687
https://conda.anaconda.org/conda-forge/win-64/cairo-1.18.0-h32b962e_3.conda#8f43723a4925c51e55c2d81725a97db4
https://conda.anaconda.org/conda-forge/noarch/flexcache-0.3-pyhd8ed1ab_0.conda#6ed8dc449e0da09c5aaa4e71eb91059a
https://conda.anaconda.org/conda-forge/noarch/flexparser-0.3.1-pyhd8ed1ab_0.conda#41ccc584228bb4c185cd0c92c5712741
https://conda.anaconda.org/conda-forge/win-64/fonttools-4.53.1-py39ha55e580_0.conda#81bbae03542e491178a620a45ad0b474
https://conda.anaconda.org/conda-forge/noarch/importlib-resources-6.4.0-pyhd8ed1ab_0.conda#dcbadab7a68738a028e195ab68ab2d2e
https://conda.anaconda.org/conda-forge/noarch/lazy_loader-0.4-pyhd8ed1ab_0.conda#a284ff318fbdb0dd83928275b4b6087c
https://conda.anaconda.org/conda-forge/win-64/libnetcdf-4.9.2-nompi_h92078aa_114.conda#819507db3802d9a179de4d161285c22f
https://conda.anaconda.org/conda-forge/win-64/mkl-2024.1.0-h66d3029_694.conda#a17423859d3fb912c8f2e9797603ddb6
https://conda.anaconda.org/conda-forge/win-64/pillow-10.4.0-py39hfa8c767_0.conda#7b24bccfb14f05019c8a488d4ee084a8
https://conda.anaconda.org/conda-forge/noarch/rich-13.7.1-pyhd8ed1ab_0.conda#ba445bf767ae6f0d959ff2b40c20912b
https://conda.anaconda.org/conda-forge/noarch/typer-slim-0.12.3-pyhd8ed1ab_0.conda#cf2c3a89f89644c53cadbfeb124914e9
https://conda.anaconda.org/conda-forge/win-64/zstandard-0.23.0-py39h9bf74da_0.conda#9658585ffb22b68adb5490e9035b93ba
https://conda.anaconda.org/conda-forge/win-64/harfbuzz-9.0.0-h2bedf89_1.conda#254f119aaed2c0be271c1114ae18d09b
https://conda.anaconda.org/conda-forge/win-64/libblas-3.9.0-23_win64_mkl.conda#693407a31c27e70c750b5ae153251d9a
https://conda.anaconda.org/conda-forge/noarch/pint-0.24.3-pyhd8ed1ab_0.conda#ca12b329038e1a3b73f5f5d73ba99475
https://conda.anaconda.org/conda-forge/noarch/typer-slim-standard-0.12.3-hd8ed1ab_0.conda#8e56b98837d17e6ace4dc455d905709a
https://conda.anaconda.org/conda-forge/noarch/urllib3-2.2.2-pyhd8ed1ab_1.conda#e804c43f58255e977093a2298e442bb8
https://conda.anaconda.org/conda-forge/win-64/libcblas-3.9.0-23_win64_mkl.conda#7ffb5b336cefd2e6d1e00ac1f7c9f2c9
https://conda.anaconda.org/conda-forge/win-64/liblapack-3.9.0-23_win64_mkl.conda#3580796ab7b7d68143f45d4d94d866b7
https://conda.anaconda.org/eradiate/noarch/pinttrs-24.1.0-py_0.tar.bz2#c51f4806cf84fbf9578b7ce8e8462b20
https://conda.anaconda.org/conda-forge/win-64/qt6-main-6.7.2-hbb46ec1_4.conda#11c572c84b282f085c0379d6b5a6db19
https://conda.anaconda.org/conda-forge/noarch/requests-2.32.3-pyhd8ed1ab_0.conda#5ede4753180c7a550a443c430dc8ab52
https://conda.anaconda.org/conda-forge/noarch/typer-0.12.3-pyhd8ed1ab_0.conda#10efd02b22c39c0a46312ef7cb16d237
https://conda.anaconda.org/conda-forge/win-64/numpy-1.26.4-py39hddb5d58_0.conda#6e30ff8f2d3f59f45347dfba8bc22a04
https://conda.anaconda.org/conda-forge/noarch/pooch-1.8.2-pyhd8ed1ab_0.conda#8dab97d8a9616e07d779782995710aed
https://conda.anaconda.org/conda-forge/win-64/pyside6-6.7.2-py39h0285922_2.conda#12004e14d1835eca43c4207841c24e4f
https://conda.anaconda.org/conda-forge/win-64/cftime-1.6.4-py39h4b0a98a_0.conda#e14d084c574a439b3195f4b8b3d196ff
https://conda.anaconda.org/conda-forge/win-64/contourpy-1.2.1-py39h1f6ef14_0.conda#03e25c6bae87f4f9595337255b44b0fb
https://conda.anaconda.org/conda-forge/win-64/pandas-2.2.2-py39h2366fc2_1.conda#8ff33fa9669c0b1851023fa6597a9455
https://conda.anaconda.org/conda-forge/win-64/scipy-1.13.1-py39h1a10956_0.conda#9f8e571406af04d2f5fdcbecec704505
https://conda.anaconda.org/conda-forge/win-64/matplotlib-base-3.9.1-py39h5376392_2.conda#5542b333ad1c031d2462834f8559c769
https://conda.anaconda.org/conda-forge/win-64/netcdf4-1.7.1-nompi_py39h9ffc7cd_101.conda#a4298e56be30f1f9e32dbdf432808400
https://conda.anaconda.org/conda-forge/noarch/sf-hamilton-1.73.1-pyhd8ed1ab_0.conda#c4a07f74224d400e6ddb6ffa5b266c39
https://conda.anaconda.org/conda-forge/noarch/xarray-2024.7.0-pyhd8ed1ab_0.conda#a7d4ff4bf1502eaba3fbbaeba66969ec
https://conda.anaconda.org/conda-forge/win-64/matplotlib-3.9.1-py39hcbf5309_2.conda#e162629338b6b4db1b75dbd917d2dca6
https://conda.anaconda.org/conda-forge/noarch/ussa1976-0.3.4-pyhd8ed1ab_0.conda#c29c9ce2a92397b9c579c29b01c25248
https://conda.anaconda.org/conda-forge/noarch/joseki-2.6.1-pyhd8ed1ab_0.conda#9254772a1cbda17955d0b4890a73984f
