# Generated by conda-lock.
# platform: osx-64
# input_hash: 2982fee7ae2da27cd7b7240f15ce20716e06b04c8a793a50a6dddbdaebc0e2b6
@EXPLICIT
https://conda.anaconda.org/conda-forge/osx-64/bzip2-1.0.8-h10d778d_5.conda#6097a6ca9ada32699b5fc4312dd6ef18
https://conda.anaconda.org/conda-forge/osx-64/c-ares-1.25.0-h10d778d_0.conda#80e97c8f21c33a3b9256504858cf49b6
https://conda.anaconda.org/conda-forge/osx-64/ca-certificates-2023.11.17-h8857fd0_0.conda#c687e9d14c49e3d3946d50a413cdbf16
https://conda.anaconda.org/conda-forge/osx-64/icu-73.2-hf5e326d_0.conda#5cc301d759ec03f28328428e28f65591
https://conda.anaconda.org/conda-forge/osx-64/libbrotlicommon-1.1.0-h0dc2134_1.conda#9e6c31441c9aa24e41ace40d6151aab6
https://conda.anaconda.org/conda-forge/osx-64/libcxx-16.0.6-hd57cbcb_0.conda#7d6972792161077908b62971802f289a
https://conda.anaconda.org/conda-forge/osx-64/libdeflate-1.19-ha4e1b8e_0.conda#6a45f543c2beb40023df5ee7e3cedfbd
https://conda.anaconda.org/conda-forge/osx-64/libev-4.33-h10d778d_2.conda#899db79329439820b7e8f8de41bca902
https://conda.anaconda.org/conda-forge/osx-64/libffi-3.4.2-h0d85af4_5.tar.bz2#ccb34fb14960ad8b125962d3d79b31a9
https://conda.anaconda.org/conda-forge/osx-64/libiconv-1.17-hd75f5a5_2.conda#6c3628d047e151efba7cf08c5e54d1ca
https://conda.anaconda.org/conda-forge/osx-64/libjpeg-turbo-3.0.0-h0dc2134_1.conda#72507f8e3961bc968af17435060b6dd6
https://conda.anaconda.org/conda-forge/osx-64/libwebp-base-1.3.2-h0dc2134_0.conda#4e7e9d244e87d66c18d36894fd6a8ae5
https://conda.anaconda.org/conda-forge/osx-64/libzlib-1.2.13-h8a1eda9_5.conda#4a3ad23f6e16f99c04e166767193d700
https://conda.anaconda.org/conda-forge/osx-64/llvm-openmp-17.0.6-hb6ac08f_0.conda#f260ab897df05f729fc3e65dbb0850ef
https://conda.anaconda.org/conda-forge/osx-64/pthread-stubs-0.4-hc929b4f_1001.tar.bz2#addd19059de62181cd11ae8f4ef26084
https://conda.anaconda.org/conda-forge/osx-64/python_abi-3.9-4_cp39.conda#2d9f6c00555127a9058cfa955adf1090
https://conda.anaconda.org/conda-forge/noarch/tzdata-2023d-h0c530f3_0.conda#8dee24b8be2d9ff81e7bd4d7d97ff1b0
https://conda.anaconda.org/conda-forge/osx-64/xorg-libxau-1.0.11-h0dc2134_0.conda#9566b4c29274125b0266d0177b5eb97b
https://conda.anaconda.org/conda-forge/osx-64/xorg-libxdmcp-1.1.3-h35c211d_0.tar.bz2#86ac76d6bf1cbb9621943eb3bd9ae36e
https://conda.anaconda.org/conda-forge/osx-64/xz-5.2.6-h775f41a_0.tar.bz2#a72f9d4ea13d55d745ff1ed594747f10
https://conda.anaconda.org/conda-forge/osx-64/hdf4-4.2.15-h8138101_7.conda#7ce543bf38dbfae0de9af112ee178af2
https://conda.anaconda.org/conda-forge/osx-64/lerc-4.0.0-hb486fe8_0.tar.bz2#f9d6a4c82889d5ecedec1d90eb673c55
https://conda.anaconda.org/conda-forge/osx-64/libaec-1.1.2-he965462_1.conda#faa179050abc6af1385e0fe9dd074f91
https://conda.anaconda.org/conda-forge/osx-64/libbrotlidec-1.1.0-h0dc2134_1.conda#9ee0bab91b2ca579e10353738be36063
https://conda.anaconda.org/conda-forge/osx-64/libbrotlienc-1.1.0-h0dc2134_1.conda#8a421fe09c6187f0eb5e2338a8a8be6d
https://conda.anaconda.org/conda-forge/osx-64/libgfortran5-13.2.0-h2873a65_1.conda#3af564516b5163cd8cc08820413854bc
https://conda.anaconda.org/conda-forge/osx-64/libpng-1.6.39-ha978bb4_0.conda#35e4928794c5391aec14ffdf1deaaee5
https://conda.anaconda.org/conda-forge/osx-64/libsqlite-3.44.2-h92b6c6a_0.conda#d4419f90019e6a2b152cd4d32f73a82f
https://conda.anaconda.org/conda-forge/osx-64/libxcb-1.15-hb7f2c08_0.conda#5513f57e0238c87c12dffedbcc9c1a4a
https://conda.anaconda.org/conda-forge/osx-64/libxml2-2.12.3-hc0ae0f7_0.conda#959e8dad65f624a362546d96005e47f6
https://conda.anaconda.org/conda-forge/osx-64/lz4-c-1.9.4-hf0c8a7f_0.conda#aa04f7143228308662696ac24023f991
https://conda.anaconda.org/conda-forge/osx-64/ncurses-6.4-h93d8f39_2.conda#e58f366bd4d767e9ab97ab8b272e7670
https://conda.anaconda.org/conda-forge/osx-64/openssl-3.2.0-hd75f5a5_1.conda#06cb561619487c88891839b9beb5244c
https://conda.anaconda.org/conda-forge/osx-64/snappy-1.1.10-h225ccf5_0.conda#4320a8781f14cd959689b86e349f3b73
https://conda.anaconda.org/conda-forge/osx-64/tk-8.6.13-h1abcd95_1.conda#bf830ba5afc507c6232d4ef0fb1a882d
https://conda.anaconda.org/conda-forge/osx-64/zlib-1.2.13-h8a1eda9_5.conda#75a8a98b1c4671c5d2897975731da42d
https://conda.anaconda.org/conda-forge/osx-64/zstd-1.5.5-h829000d_0.conda#80abc41d0c48b82fe0f04e7f42f5cb7e
https://conda.anaconda.org/conda-forge/osx-64/blosc-1.21.5-heccf04b_0.conda#3003fa6dd18769db1a616982dcee5b40
https://conda.anaconda.org/conda-forge/osx-64/brotli-bin-1.1.0-h0dc2134_1.conda#ece565c215adcc47fc1db4e651ee094b
https://conda.anaconda.org/conda-forge/osx-64/freetype-2.12.1-h60636b9_2.conda#25152fce119320c980e5470e64834b50
https://conda.anaconda.org/conda-forge/osx-64/libedit-3.1.20191231-h0678c8f_2.tar.bz2#6016a8a1d0e63cac3de2c352cd40208b
https://conda.anaconda.org/conda-forge/osx-64/libgfortran-5.0.0-13_2_0_h97931a8_1.conda#b55fd11ab6318a6e67ac191309701d5a
https://conda.anaconda.org/conda-forge/osx-64/libnghttp2-1.58.0-h64cf6d3_1.conda#faecc55c2a8155d9ff1c0ff9a0fef64f
https://conda.anaconda.org/conda-forge/osx-64/libssh2-1.11.0-hd019ec5_0.conda#ca3a72efba692c59a90d4b9fc0dfe774
https://conda.anaconda.org/conda-forge/osx-64/libtiff-4.6.0-h684deea_2.conda#2ca10a325063e000ad6d2a5900061e0d
https://conda.anaconda.org/conda-forge/osx-64/libzip-1.10.1-hc158999_3.conda#6112b3173f3aa2f12a8f40d07a77cc35
https://conda.anaconda.org/conda-forge/osx-64/readline-8.2-h9e318b2_1.conda#f17f77f2acf4d344734bda76829ce14e
https://conda.anaconda.org/conda-forge/osx-64/brotli-1.1.0-h0dc2134_1.conda#9272dd3b19c4e8212f8542cefd5c3d67
https://conda.anaconda.org/conda-forge/osx-64/krb5-1.21.2-hb884880_0.conda#80505a68783f01dc8d7308c075261b2f
https://conda.anaconda.org/conda-forge/osx-64/lcms2-2.16-ha2f27b4_0.conda#1442db8f03517834843666c422238c9b
https://conda.anaconda.org/conda-forge/osx-64/libopenblas-0.3.25-openmp_hfef2a42_0.conda#a01b96f00c3155c830d98a518c7dcbfb
https://conda.anaconda.org/conda-forge/osx-64/openjpeg-2.5.0-ha4da562_3.conda#40a36f8e9a6fdf6a78c6428ee6c44188
https://conda.anaconda.org/conda-forge/osx-64/python-3.9.18-h7a9c478_1_cpython.conda#08260191ff879dbe1f236c9bac40d812
https://conda.anaconda.org/conda-forge/noarch/aenum-3.1.15-pyhd8ed1ab_0.conda#24cff7ab050ebb8a16bdeb02e8ed6f63
https://conda.anaconda.org/conda-forge/noarch/attrs-23.2.0-pyh71513ae_0.conda#5e4c0743c70186509d1412e03c2d8dfa
https://conda.anaconda.org/conda-forge/osx-64/brotli-python-1.1.0-py39h840bb9f_1.conda#bf1edb07835e15685718843f7e71bab1
https://conda.anaconda.org/conda-forge/noarch/certifi-2023.11.17-pyhd8ed1ab_0.conda#2011bcf45376341dd1d690263fdbc789
https://conda.anaconda.org/conda-forge/noarch/charset-normalizer-3.3.2-pyhd8ed1ab_0.conda#7f4a9e3fcff3f6356ae99244a014da6a
https://conda.anaconda.org/conda-forge/noarch/click-8.1.7-unix_pyh707e725_0.conda#f3ad426304898027fc619827ff428eca
https://conda.anaconda.org/conda-forge/noarch/colorama-0.4.6-pyhd8ed1ab_0.tar.bz2#3faab06a954c2a04039983f2c4a50d99
https://conda.anaconda.org/conda-forge/noarch/cycler-0.12.1-pyhd8ed1ab_0.conda#5cd86562580f274031ede6aa6aa24441
https://conda.anaconda.org/conda-forge/noarch/idna-3.6-pyhd8ed1ab_0.conda#1a76f09108576397c41c0b0c5bd84134
https://conda.anaconda.org/conda-forge/osx-64/kiwisolver-1.4.5-py39h8ee36c8_1.conda#6072db04642b21329b0502a177ec18bf
https://conda.anaconda.org/conda-forge/noarch/lazy_loader-0.3-pyhd8ed1ab_0.conda#69ea1d0fa7ab33b48c88394ad1dead65
https://conda.anaconda.org/conda-forge/osx-64/libblas-3.9.0-20_osx64_openblas.conda#1673476d205d14a9042172be795f63cb
https://conda.anaconda.org/conda-forge/osx-64/libcurl-8.5.0-h726d00d_0.conda#86d749e27fe00fa6b7d790a6feaa22a2
https://conda.anaconda.org/conda-forge/noarch/mdurl-0.1.2-pyhd8ed1ab_0.conda#776a8dd9e824f77abac30e6ef43a8f7a
https://conda.anaconda.org/conda-forge/noarch/munkres-1.1.4-pyh9f0ad1d_0.tar.bz2#2ba8498c1018c1e9c61eb99b973dfe19
https://conda.anaconda.org/conda-forge/noarch/packaging-23.2-pyhd8ed1ab_0.conda#79002079284aa895f883c6b7f3f88fd6
https://conda.anaconda.org/conda-forge/osx-64/pillow-10.2.0-py39hdd30358_0.conda#38aef4e0b3355d32485cd4a199296a5b
https://conda.anaconda.org/conda-forge/noarch/platformdirs-4.1.0-pyhd8ed1ab_0.conda#45a5065664da0d1dfa8f8cd2eaf05ab9
https://conda.anaconda.org/conda-forge/noarch/pygments-2.17.2-pyhd8ed1ab_0.conda#140a7f159396547e9799aa98f9f0742e
https://conda.anaconda.org/conda-forge/noarch/pyparsing-3.1.1-pyhd8ed1ab_0.conda#176f7d56f0cfe9008bdf1bccd7de02fb
https://conda.anaconda.org/conda-forge/noarch/pysocks-1.7.1-pyha2e5f31_6.tar.bz2#2a7de29fb590ca14b5243c4c812c8025
https://conda.anaconda.org/conda-forge/noarch/python-tzdata-2023.4-pyhd8ed1ab_0.conda#c79cacf8a06a51552fc651652f170208
https://conda.anaconda.org/conda-forge/noarch/pytz-2023.3.post1-pyhd8ed1ab_0.conda#c93346b446cd08c169d843ae5fc0da97
https://conda.anaconda.org/conda-forge/osx-64/ruamel.yaml.clib-0.2.7-py39hdc70f33_2.conda#ff628d8a8ba451d07964a225bbf59ae7
https://conda.anaconda.org/conda-forge/noarch/setuptools-69.0.3-pyhd8ed1ab_0.conda#40695fdfd15a92121ed2922900d0308b
https://conda.anaconda.org/conda-forge/noarch/shellingham-1.5.4-pyhd8ed1ab_0.conda#d08db09a552699ee9e7eec56b4eb3899
https://conda.anaconda.org/conda-forge/noarch/six-1.16.0-pyh6c4a22f_0.tar.bz2#e5f25f8dbc060e9a8d912e432202afc2
https://conda.anaconda.org/conda-forge/osx-64/tornado-6.3.3-py39hdc70f33_1.conda#a4d95128d710c359453aaa22a5aedcde
https://conda.anaconda.org/conda-forge/noarch/typing_extensions-4.9.0-pyha770c72_0.conda#a92a6440c3fe7052d63244f3aba2a4a7
https://conda.anaconda.org/conda-forge/osx-64/unicodedata2-15.1.0-py39hdc70f33_0.conda#ede122e9ef2775a8879063d9d3ee819f
https://conda.anaconda.org/conda-forge/noarch/zipp-3.17.0-pyhd8ed1ab_0.conda#2e4d6bc0b14e10f895fc6791a7d9b26a
https://conda.anaconda.org/eradiate/noarch/dessinemoi-23.1.0-py_0.tar.bz2#490780e63e113a7dc444bd068e049bfe
https://conda.anaconda.org/conda-forge/noarch/environ-config-22.1.0-pyhd8ed1ab_0.tar.bz2#a1103faffa0a877313c1fba776aa0fc0
https://conda.anaconda.org/conda-forge/osx-64/fonttools-4.47.0-py39ha09f3b3_0.conda#668d9f56ff8ba5f93574f340531fd154
https://conda.anaconda.org/conda-forge/osx-64/hdf5-1.14.3-nompi_h691f4bf_100.conda#8e2ac4ae815a8c9743fe37d70f48f075
https://conda.anaconda.org/conda-forge/noarch/importlib_resources-6.1.1-pyhd8ed1ab_0.conda#3d5fa25cf42f3f32a12b2d874ace8574
https://conda.anaconda.org/conda-forge/osx-64/libcblas-3.9.0-20_osx64_openblas.conda#b324ad206d39ce529fb9073f9d062062
https://conda.anaconda.org/conda-forge/osx-64/liblapack-3.9.0-20_osx64_openblas.conda#704bfc2af1288ea973b6755281e6ad32
https://conda.anaconda.org/conda-forge/noarch/markdown-it-py-3.0.0-pyhd8ed1ab_0.conda#93a8e71256479c62074356ef6ebf501b
https://conda.anaconda.org/conda-forge/noarch/pint-0.23-pyhd8ed1ab_0.conda#d47f9170e3933e53368e0d447c16856f
https://conda.anaconda.org/conda-forge/noarch/python-dateutil-2.8.2-pyhd8ed1ab_0.tar.bz2#dd999d1cc9f79e67dbb855c8924c7984
https://conda.anaconda.org/conda-forge/osx-64/ruamel.yaml-0.18.5-py39ha09f3b3_0.conda#4d82122e641af3359432846c55d93ffb
https://conda.anaconda.org/conda-forge/noarch/tqdm-4.66.1-pyhd8ed1ab_0.conda#03c97908b976498dcae97eb4e4f3149c
https://conda.anaconda.org/conda-forge/noarch/typing-extensions-4.9.0-hd8ed1ab_0.conda#c16524c1b7227dc80b36b4fa6f77cc86
https://conda.anaconda.org/conda-forge/noarch/urllib3-2.1.0-pyhd8ed1ab_0.conda#f8ced8ee63830dec7ecc1be048d1470a
https://conda.anaconda.org/conda-forge/noarch/importlib-resources-6.1.1-pyhd8ed1ab_0.conda#d04bd1b5bed9177dd7c3cef15e2b6710
https://conda.anaconda.org/conda-forge/osx-64/libnetcdf-4.9.2-nompi_h7760872_113.conda#bce76ace6497221c2a2a02840aaceac5
https://conda.anaconda.org/conda-forge/osx-64/numpy-1.26.3-py39h28c39a1_0.conda#576a91953780e42471fe571b27776f19
https://conda.anaconda.org/eradiate/noarch/pinttrs-23.2.0-py_0.tar.bz2#1aebe9fa813278f719fa8e31d8000452
https://conda.anaconda.org/conda-forge/noarch/requests-2.31.0-pyhd8ed1ab_0.conda#a30144e4156cdbb236f99ebb49828f8b
https://conda.anaconda.org/conda-forge/noarch/rich-13.7.0-pyhd8ed1ab_0.conda#d7a11d4f3024b2f4a6e0ae7377dd61e9
https://conda.anaconda.org/conda-forge/osx-64/cftime-1.6.3-py39h5b4affa_0.conda#20fd617b1f9fcefe5ec1577d38ae7bdb
https://conda.anaconda.org/conda-forge/osx-64/contourpy-1.2.0-py39h6be1789_0.conda#f612db80986ecdc867662b9dc4e46f11
https://conda.anaconda.org/conda-forge/osx-64/pandas-2.1.4-py39h5d65943_0.conda#751af68c6310710069d010e559b74575
https://conda.anaconda.org/conda-forge/noarch/pooch-1.8.0-pyhd8ed1ab_0.conda#134b2b57b7865d2316a7cce1915a51ed
https://conda.anaconda.org/conda-forge/osx-64/scipy-1.11.4-py39ha321857_0.conda#12a54e5300d9a8ea56359a80ec7faa4e
https://conda.anaconda.org/conda-forge/noarch/typer-0.9.0-pyhd8ed1ab_0.conda#5030a13b2fe5e143d5956d4943d3018f
https://conda.anaconda.org/conda-forge/osx-64/matplotlib-base-3.8.2-py39h7070ae8_0.conda#ed2fe31a91b1fb29d92e5a68047c2759
https://conda.anaconda.org/conda-forge/osx-64/netcdf4-1.6.5-nompi_py39h824b2b2_100.conda#07525171115894fe9c4aba755460c51a
https://conda.anaconda.org/conda-forge/noarch/xarray-2023.12.0-pyhd8ed1ab_0.conda#e9b31d3ab1b0dd5fd8c24419f6560b90
https://conda.anaconda.org/conda-forge/osx-64/matplotlib-3.8.2-py39h6e9494a_0.conda#5d9f58fa28b4ebc9a328b26e6a104774
https://conda.anaconda.org/conda-forge/noarch/ussa1976-0.3.4-pyhd8ed1ab_0.conda#c29c9ce2a92397b9c579c29b01c25248
https://conda.anaconda.org/conda-forge/noarch/joseki-2.6.0-pyhd8ed1ab_0.conda#218072440c672af703f5fb3781cfd71a
