# Generated by conda-lock.
# platform: osx-64
# input_hash: db042921b93effc4d34942ddd4191e23483f99e3ec56314b8d3875a36d82f72f
@EXPLICIT
https://conda.anaconda.org/conda-forge/osx-64/bzip2-1.0.8-h0d85af4_4.tar.bz2#37edc4e6304ca87316e160f5ca0bd1b5
https://conda.anaconda.org/conda-forge/osx-64/c-ares-1.18.1-h0d85af4_0.tar.bz2#00b3e98a61e6430808fe7a2534681f28
https://conda.anaconda.org/conda-forge/osx-64/ca-certificates-2021.10.8-h033912b_0.tar.bz2#bb82d0243db9882b509702ecb69e38f0
https://conda.anaconda.org/conda-forge/osx-64/jbig-2.1-h0d85af4_2003.tar.bz2#4d76d11d3a256931926099498aa3565b
https://conda.anaconda.org/conda-forge/osx-64/jpeg-9d-hbcb3906_0.tar.bz2#ff6fba028f282f94ceb10597d58a56e8
https://conda.anaconda.org/conda-forge/osx-64/libcxx-12.0.1-habf9029_0.tar.bz2#49c188a7f9c7c9ddabafc80cc5625bb7
https://conda.anaconda.org/conda-forge/osx-64/libdeflate-1.8-h0d85af4_0.tar.bz2#0c233c9a12552ee43d1e3f477f2a54ee
https://conda.anaconda.org/conda-forge/osx-64/libev-4.33-haf1e3a3_1.tar.bz2#79dc2be110b2a3d1e97ec21f691c50ad
https://conda.anaconda.org/conda-forge/osx-64/libsodium-1.0.18-hbcb3906_1.tar.bz2#24632c09ed931af617fe6d5292919cab
https://conda.anaconda.org/conda-forge/osx-64/libwebp-base-1.2.1-h0d85af4_0.tar.bz2#8c6f05a6655b7911c62910343ba806d1
https://conda.anaconda.org/conda-forge/osx-64/libzlib-1.2.11-h9173be1_1013.tar.bz2#a3a6a53beaa92c5cfe52ee3a198e78cc
https://conda.anaconda.org/conda-forge/osx-64/llvm-openmp-12.0.1-hda6cdc1_1.tar.bz2#35b1fd6ed9f0f1c68583dc9c9f672513
https://conda.anaconda.org/conda-forge/osx-64/ncurses-6.2-h2e338ed_4.tar.bz2#9cef1910395d1543527583e73dba30f1
https://conda.anaconda.org/conda-forge/osx-64/pandoc-2.16.1-h0d85af4_0.tar.bz2#5c3b4219d890d63c19b4073ad7171e0f
https://conda.anaconda.org/conda-forge/osx-64/xz-5.2.5-haf1e3a3_1.tar.bz2#41116deb499e9bc58048c297d6403ce6
https://conda.anaconda.org/conda-forge/osx-64/yaml-0.2.5-haf1e3a3_0.tar.bz2#84c2fc186995c25a43e86ed708065572
https://conda.anaconda.org/conda-forge/osx-64/lerc-3.0-he49afe7_0.tar.bz2#a1d21f85e4b0d5e27a88ecab5e3961da
https://conda.anaconda.org/conda-forge/osx-64/libedit-3.1.20191231-h0678c8f_2.tar.bz2#6016a8a1d0e63cac3de2c352cd40208b
https://conda.anaconda.org/conda-forge/osx-64/libffi-3.4.2-he49afe7_4.tar.bz2#48225bf0af2dafda90351a29deb33d13
https://conda.anaconda.org/conda-forge/osx-64/libgfortran5-9.3.0-h6c81a4c_23.tar.bz2#a6956ceb628b14594613cefee5127a7a
https://conda.anaconda.org/conda-forge/osx-64/lz4-c-1.9.3-he49afe7_1.tar.bz2#05c08241b66631c00ca4f9e0b75320bc
https://conda.anaconda.org/conda-forge/osx-64/openssl-1.1.1l-h0d85af4_0.tar.bz2#f7bcdbb7a5dae97030eee20b884b1f8a
https://conda.anaconda.org/conda-forge/osx-64/readline-8.1-h05e3726_0.tar.bz2#2832e9b6a7caa7cb192fcda6cfcd8871
https://conda.anaconda.org/conda-forge/osx-64/zeromq-4.3.4-he49afe7_1.tar.bz2#1972d732b123ed04b60fd21e94f0b178
https://conda.anaconda.org/conda-forge/osx-64/zlib-1.2.11-h9173be1_1013.tar.bz2#cf985617d679990418c380099620b01a
https://conda.anaconda.org/conda-forge/osx-64/hdf4-4.2.15-hefd3b78_3.tar.bz2#07bbe01a1cabdb9ec0d35524e09f4db4
https://conda.anaconda.org/conda-forge/osx-64/libgfortran-5.0.0-9_3_0_h6c81a4c_23.tar.bz2#60f48cef2d50674e0428c5579b6c3f66
https://conda.anaconda.org/conda-forge/osx-64/libnghttp2-1.43.0-h6f36284_1.tar.bz2#8489d081927ce544b21a64c9e1c254ee
https://conda.anaconda.org/conda-forge/osx-64/libpng-1.6.37-h7cec526_2.tar.bz2#9e52521faba2b53269672628d34e1513
https://conda.anaconda.org/conda-forge/osx-64/libssh2-1.10.0-h52ee1ee_2.tar.bz2#8c8f3804e8e252b47443cfe8e40eddf9
https://conda.anaconda.org/conda-forge/osx-64/libzip-1.8.0-h8b0c345_1.tar.bz2#1ff78fbf800b6b86b09ef7d7e3b1f94e
https://conda.anaconda.org/conda-forge/osx-64/sqlite-3.36.0-h23a322b_2.tar.bz2#9683f769193cd3148dc1fbeb59093921
https://conda.anaconda.org/conda-forge/osx-64/tk-8.6.11-h5dbffcc_1.tar.bz2#e35b11155bd70facee39dfdec7368ad0
https://conda.anaconda.org/conda-forge/osx-64/zstd-1.5.0-h582d3a0_0.tar.bz2#96a04eeb0146059f0c2d63491f77d6d0
https://conda.anaconda.org/conda-forge/osx-64/freetype-2.10.4-h4cff582_1.tar.bz2#5a136a432c6062362cd7990c514bd8d6
https://conda.anaconda.org/conda-forge/osx-64/krb5-1.19.2-hcfbf3a7_3.tar.bz2#22a613e8000ad9c0d8a14c5ca1e8e40b
https://conda.anaconda.org/conda-forge/osx-64/libopenblas-0.3.18-openmp_h3351f45_0.tar.bz2#a0636ed965924977a848fd0d0258cf17
https://conda.anaconda.org/conda-forge/osx-64/libtiff-4.3.0-hd146c10_2.tar.bz2#f83e9c7a6f2458e85a267df87cd57ca1
https://conda.anaconda.org/conda-forge/osx-64/python-3.7.12-haf480d7_100_cpython.tar.bz2#058bace71590dc856684ac8d7e75fb07
https://conda.anaconda.org/eradiate/noarch/aabbtree-2.8.0-py_0.tar.bz2#647bcce5f0af4974e507591d5420486b
https://conda.anaconda.org/conda-forge/noarch/alabaster-0.7.12-py_0.tar.bz2#2489a97287f90176ecdc3ca982b4b0a0
https://conda.anaconda.org/conda-forge/noarch/appdirs-1.4.4-pyh9f0ad1d_0.tar.bz2#5f095bc6454094e96f146491fd03633b
https://conda.anaconda.org/conda-forge/noarch/async_generator-1.10-py_0.tar.bz2#d56c596e61b1c4952acf0a9920856c12
https://conda.anaconda.org/conda-forge/noarch/attrs-21.2.0-pyhd8ed1ab_0.tar.bz2#d2e1c7f388ac403df7079b411c37cc50
https://conda.anaconda.org/conda-forge/noarch/backcall-0.2.0-pyh9f0ad1d_0.tar.bz2#6006a6d08a3fa99268a2681c7fb55213
https://conda.anaconda.org/conda-forge/noarch/backports-1.0-py_2.tar.bz2#0da16b293affa6ac31812376f8eb79dd
https://conda.anaconda.org/conda-forge/noarch/bump2version-1.0.1-pyh9f0ad1d_0.tar.bz2#1b3fd56f54baa99e3c9967caf279f66f
https://conda.anaconda.org/conda-forge/noarch/cerberus-1.3.2-py_0.tar.bz2#d124feeefccd6bc48fca37bf96d4fd3c
https://conda.anaconda.org/conda-forge/noarch/charset-normalizer-2.0.0-pyhd8ed1ab_0.tar.bz2#4a57e24d5b759893615c05926b7b5fb9
https://conda.anaconda.org/conda-forge/noarch/click-7.1.2-pyh9f0ad1d_0.tar.bz2#bd50a970ce07e660c319fdc4d730d3f1
https://conda.anaconda.org/conda-forge/noarch/cloudpickle-2.0.0-pyhd8ed1ab_0.tar.bz2#3a8fc8b627d5fb6af827e126a10a86c6
https://conda.anaconda.org/conda-forge/noarch/colorama-0.4.4-pyh9f0ad1d_0.tar.bz2#c08b4c1326b880ed44f3ffb04803332f
https://conda.anaconda.org/conda-forge/noarch/cycler-0.11.0-pyhd8ed1ab_0.tar.bz2#a50559fad0affdbb33729a68669ca1cb
https://conda.anaconda.org/conda-forge/noarch/dataclasses-0.8-pyhc8e2a94_3.tar.bz2#a362b2124b06aad102e2ee4581acee7d
https://conda.anaconda.org/conda-forge/noarch/decorator-5.1.0-pyhd8ed1ab_0.tar.bz2#71b13ba2e0efcff45646f05d619534b0
https://conda.anaconda.org/conda-forge/noarch/defusedxml-0.7.1-pyhd8ed1ab_0.tar.bz2#961b3a227b437d82ad7054484cfa71b2
https://conda.anaconda.org/conda-forge/noarch/entrypoints-0.3-pyhd8ed1ab_1003.tar.bz2#bbf9a201f6ce99a506f4955374d9a9f4
https://conda.anaconda.org/conda-forge/noarch/execnet-1.9.0-pyhd8ed1ab_0.tar.bz2#0e521f7a5e60d508b121d38b04874fb2
https://conda.anaconda.org/conda-forge/noarch/filelock-3.3.2-pyhd8ed1ab_0.tar.bz2#a58b4796ddcaedd3f34810ec1f4674ef
https://conda.anaconda.org/conda-forge/noarch/fsspec-2021.11.0-pyhd8ed1ab_0.tar.bz2#4dc640d7025327ae332e7ff3658ade6e
https://conda.anaconda.org/conda-forge/noarch/heapdict-1.0.1-py_0.tar.bz2#77242bfb1e74a627fb06319b5a2d3b95
https://conda.anaconda.org/conda-forge/noarch/idna-3.1-pyhd3deb0d_0.tar.bz2#9c9aea4b8391264477df484f798562d0
https://conda.anaconda.org/conda-forge/noarch/imagesize-1.2.0-py_0.tar.bz2#5879bd2c4b399a5072468e5fe587bf1b
https://conda.anaconda.org/conda-forge/noarch/iniconfig-1.1.1-pyh9f0ad1d_0.tar.bz2#39161f81cc5e5ca45b8226fbb06c6905
https://conda.anaconda.org/conda-forge/noarch/ipython_genutils-0.2.0-py_1.tar.bz2#5071c982548b3a20caf70462f04f5287
https://conda.anaconda.org/conda-forge/noarch/json5-0.9.5-pyh9f0ad1d_0.tar.bz2#10759827a94e6b14996e81fb002c0bda
https://conda.anaconda.org/conda-forge/noarch/jupyterlab_widgets-1.0.2-pyhd8ed1ab_0.tar.bz2#eaff56fe28d1236076aa3bb13c35b434
https://conda.anaconda.org/conda-forge/osx-64/lcms2-2.12-h577c468_0.tar.bz2#abce77b852b73670e85e104746b0ea1b
https://conda.anaconda.org/conda-forge/osx-64/libblas-3.9.0-12_osx64_openblas.tar.bz2#3d38a706f06849a4b08f8a3f642bec93
https://conda.anaconda.org/conda-forge/osx-64/libcurl-7.79.1-hf45b732_1.tar.bz2#41b4362d0cfe1d2c06159ce24c2349e7
https://conda.anaconda.org/conda-forge/noarch/locket-0.2.0-py_2.tar.bz2#709e8671651c7ec3d1ad07800339ff1d
https://conda.anaconda.org/conda-forge/noarch/more-itertools-8.10.0-pyhd8ed1ab_0.tar.bz2#24a4379cfc9ba76a7ad238e5c32a6c68
https://conda.anaconda.org/conda-forge/noarch/nest-asyncio-1.5.1-pyhd8ed1ab_0.tar.bz2#47a51a5b8f9cc41004c8d7bd88b62447
https://conda.anaconda.org/conda-forge/noarch/olefile-0.46-pyh9f0ad1d_1.tar.bz2#0b2e68acc8c78c8cc392b90983481f58
https://conda.anaconda.org/conda-forge/osx-64/openjpeg-2.4.0-h6e7aa92_1.tar.bz2#c8cbb6d99f6467246ac26a139256e50f
https://conda.anaconda.org/conda-forge/noarch/pandocfilters-1.5.0-pyhd8ed1ab_0.tar.bz2#457c2c8c08e54905d6954e79cb5b5db9
https://conda.anaconda.org/conda-forge/noarch/parso-0.8.2-pyhd8ed1ab_0.tar.bz2#fb40b157bd62b457a1cc82527b63f0b0
https://conda.anaconda.org/conda-forge/noarch/pathspec-0.9.0-pyhd8ed1ab_0.tar.bz2#f93dc0ccbc0a8472624165f6e256c7d1
https://conda.anaconda.org/conda-forge/noarch/pdfrw-0.4-pyhd8ed1ab_2.tar.bz2#6eef20dad3a9ef16fe90cc703b453c7f
https://conda.anaconda.org/conda-forge/noarch/pickleshare-0.7.5-py_1003.tar.bz2#415f0ebb6198cc2801c73438a9fb5761
https://conda.anaconda.org/conda-forge/noarch/pkginfo-1.7.1-pyhd8ed1ab_0.tar.bz2#047d027698acbaa862e19f10b7b3755f
https://conda.anaconda.org/conda-forge/noarch/platformdirs-2.3.0-pyhd8ed1ab_0.tar.bz2#7bc119135be2a43e1701432399d8c28a
https://conda.anaconda.org/conda-forge/noarch/prometheus_client-0.12.0-pyhd8ed1ab_0.tar.bz2#d7b366cccdf2c1e8ebdddbfff7c2ba00
https://conda.anaconda.org/conda-forge/noarch/ptyprocess-0.7.0-pyhd3deb0d_0.tar.bz2#359eeb6536da0e687af562ed265ec263
https://conda.anaconda.org/conda-forge/noarch/py-1.11.0-pyh6c4a22f_0.tar.bz2#b4613d7e7a493916d867842a6a148054
https://conda.anaconda.org/conda-forge/noarch/pycparser-2.21-pyhd8ed1ab_0.tar.bz2#076becd9e05608f8dc72757d5f3a91ff
https://conda.anaconda.org/conda-forge/noarch/pyparsing-3.0.5-pyhd8ed1ab_0.tar.bz2#1c888e6fc8f33a298094a81e5c72381a
https://conda.anaconda.org/conda-forge/osx-64/python_abi-3.7-2_cp37m.tar.bz2#4b564389f52917cfe8fbc537284d42e6
https://conda.anaconda.org/conda-forge/noarch/pytz-2021.3-pyhd8ed1ab_0.tar.bz2#7e4f811bff46a5a6a7e0094921389395
https://conda.anaconda.org/conda-forge/noarch/rfc3986-1.5.0-pyhd8ed1ab_0.tar.bz2#ee18e8644b953e8900282b2ef2a8c5a1
https://conda.anaconda.org/conda-forge/noarch/send2trash-1.8.0-pyhd8ed1ab_0.tar.bz2#edab14119efe85c3bf131ad747e9005c
https://conda.anaconda.org/conda-forge/noarch/six-1.16.0-pyh6c4a22f_0.tar.bz2#e5f25f8dbc060e9a8d912e432202afc2
https://conda.anaconda.org/conda-forge/noarch/smartypants-2.0.1-pyhd8ed1ab_0.tar.bz2#38f9ad191135d5d27907739154c6b6dd
https://conda.anaconda.org/conda-forge/noarch/snowballstemmer-2.1.0-pyhd8ed1ab_0.tar.bz2#f1d64c0cf0eedf655a96ccdc1573c05a
https://conda.anaconda.org/conda-forge/noarch/sortedcontainers-2.4.0-pyhd8ed1ab_0.tar.bz2#6d6552722448103793743dabfbda532d
https://conda.anaconda.org/conda-forge/noarch/soupsieve-2.3-pyhd8ed1ab_0.tar.bz2#307ab6487e2d45d59a27baf949466db4
https://conda.anaconda.org/conda-forge/noarch/sphinxcontrib-applehelp-1.0.2-py_0.tar.bz2#20b2eaeaeea4ef9a9a0d99770620fd09
https://conda.anaconda.org/conda-forge/noarch/sphinxcontrib-devhelp-1.0.2-py_0.tar.bz2#68e01cac9d38d0e717cd5c87bc3d2cc9
https://conda.anaconda.org/conda-forge/noarch/sphinxcontrib-htmlhelp-2.0.0-pyhd8ed1ab_0.tar.bz2#77dad82eb9c8c1525ff7953e0756d708
https://conda.anaconda.org/conda-forge/noarch/sphinxcontrib-jsmath-1.0.1-py_0.tar.bz2#67cd9d9c0382d37479b4d306c369a2d4
https://conda.anaconda.org/conda-forge/noarch/sphinxcontrib-qthelp-1.0.3-py_0.tar.bz2#d01180388e6d1838c3e1ad029590aa7a
https://conda.anaconda.org/conda-forge/noarch/sphinxcontrib-serializinghtml-1.1.5-pyhd8ed1ab_0.tar.bz2#60e630285f44af05767dcb7f473ee03f
https://conda.anaconda.org/conda-forge/noarch/tabulate-0.8.9-pyhd8ed1ab_0.tar.bz2#ee657dbe69e892aeccde7cabb4edf261
https://conda.anaconda.org/conda-forge/noarch/tblib-1.7.0-pyhd8ed1ab_0.tar.bz2#3d4afc31302aa7be471feb6be048ed76
https://conda.anaconda.org/conda-forge/noarch/testpath-0.5.0-pyhd8ed1ab_0.tar.bz2#53b57d6a468bebc7cef1253b177a5e9e
https://conda.anaconda.org/conda-forge/noarch/tinydb-4.5.2-pyhd8ed1ab_0.tar.bz2#5f43da3425f3d3212ffd64b3d3d61bc1
https://conda.anaconda.org/conda-forge/noarch/toml-0.10.2-pyhd8ed1ab_0.tar.bz2#f832c45a477c78bebd107098db465095
https://conda.anaconda.org/conda-forge/noarch/tomli-1.2.2-pyhd8ed1ab_0.tar.bz2#1c8a2f9ea18c267414e244cee668cd00
https://conda.anaconda.org/conda-forge/noarch/toolz-0.11.2-pyhd8ed1ab_0.tar.bz2#f348d1590550371edfac5ed3c1d44f7e
https://conda.anaconda.org/conda-forge/noarch/traitlets-5.1.1-pyhd8ed1ab_0.tar.bz2#a1bc9765ef9499760e88f568b3a6622c
https://conda.anaconda.org/conda-forge/noarch/typing_extensions-3.10.0.2-pyha770c72_0.tar.bz2#85dfd487a244bbe2cf7019ce8a39b5bc
https://conda.anaconda.org/conda-forge/noarch/webencodings-0.5.1-py_1.tar.bz2#3563be4c5611a44210d9ba0c16113136
https://conda.anaconda.org/conda-forge/noarch/wheel-0.37.0-pyhd8ed1ab_1.tar.bz2#3aa2c3e25dd361b453d010388b9cdff1
https://conda.anaconda.org/conda-forge/noarch/zipp-3.6.0-pyhd8ed1ab_0.tar.bz2#855e2c4622f5eb50a4f6f7167b9ba17a
https://conda.anaconda.org/conda-forge/osx-64/appnope-0.1.2-py37hf985489_2.tar.bz2#e56ab46cc16f5af8d1c7d31f302c15cb
https://conda.anaconda.org/conda-forge/noarch/babel-2.9.1-pyh44b312d_0.tar.bz2#74136ed39bfea0832d338df1e58d013e
https://conda.anaconda.org/conda-forge/noarch/beautifulsoup4-4.10.0-pyha770c72_0.tar.bz2#c29e0b4a2ff546cedbe6dc2921948a1d
https://conda.anaconda.org/conda-forge/osx-64/certifi-2021.10.8-py37hf985489_1.tar.bz2#95bc4c0b760d22415cc589306ab31072
https://conda.anaconda.org/conda-forge/osx-64/cffi-1.15.0-py37h446072c_0.tar.bz2#611c1a6063a004935f3eedc5c4e70adf
https://conda.anaconda.org/conda-forge/osx-64/chardet-4.0.0-py37hf985489_2.tar.bz2#eb0a221167473ad9fa83c1643f7db1ec
https://conda.anaconda.org/conda-forge/noarch/click-default-group-1.2.2-pyhd8ed1ab_1.tar.bz2#72a46ffc25701c173932fd55cf0965d3
https://conda.anaconda.org/conda-forge/osx-64/coverage-6.1.1-py37h271585c_1.tar.bz2#1c19acc95ffdaaaa2da92b7c232b32d0
https://conda.anaconda.org/conda-forge/osx-64/curl-7.79.1-hf45b732_1.tar.bz2#9b3aff6825c9d9a33eb80450dee87385
https://conda.anaconda.org/conda-forge/osx-64/cytoolz-0.11.2-py37h271585c_1.tar.bz2#b55081aac39f6ff1ab76551821c73dd8
https://conda.anaconda.org/conda-forge/osx-64/debugpy-1.5.1-py37hd8d24ac_0.tar.bz2#cfaabc192eeff85148a13d23b5343bd1
https://conda.anaconda.org/eradiate/noarch/dessinemoi-21.3.0-py_0.tar.bz2#194517a911f7853a72209b0da4607b08
https://conda.anaconda.org/conda-forge/osx-64/docutils-0.16-py37hf985489_3.tar.bz2#dca030e3fb4289970f4722741bfe009b
https://conda.anaconda.org/conda-forge/noarch/environ-config-21.2.0-pyhd8ed1ab_0.tar.bz2#61e53d6eb24342f9440040a590909e85
https://conda.anaconda.org/conda-forge/osx-64/future-0.18.2-py37hf985489_4.tar.bz2#ea5fb4948332e37cba9f16ca1fc08396
https://conda.anaconda.org/conda-forge/osx-64/hdf5-1.12.1-nompi_h2f0ef1a_101.tar.bz2#908744559121537eebac33c6abf472b1
https://conda.anaconda.org/conda-forge/osx-64/importlib-metadata-4.8.1-py37hf985489_1.tar.bz2#ee0161d89f634db089c2092e9d51d5ca
https://conda.anaconda.org/conda-forge/osx-64/jedi-0.18.0-py37hf985489_3.tar.bz2#ff5d2f6810267b6128582bd6c19a3aac
https://conda.anaconda.org/conda-forge/osx-64/jupyter_core-4.9.1-py37hf985489_0.tar.bz2#704a38441d3341dfef6c4b907c5dfc0a
https://conda.anaconda.org/conda-forge/osx-64/kiwisolver-1.3.2-py37h737db71_1.tar.bz2#180ac8613a28e96a558d56a194307cca
https://conda.anaconda.org/conda-forge/noarch/latexcodec-2.0.1-pyh9f0ad1d_0.tar.bz2#8d67904973263afd2985ba56aa2d6bb4
https://conda.anaconda.org/conda-forge/osx-64/libcblas-3.9.0-12_osx64_openblas.tar.bz2#0cb9afc4cfdc6e95aa38328fc1befa05
https://conda.anaconda.org/conda-forge/osx-64/liblapack-3.9.0-12_osx64_openblas.tar.bz2#ca35c8b85ced3a53059c7a001518cbae
https://conda.anaconda.org/conda-forge/osx-64/markupsafe-2.0.1-py37h271585c_1.tar.bz2#e7d33cb13eae6df93790dd537eec35e6
https://conda.anaconda.org/conda-forge/noarch/matplotlib-inline-0.1.3-pyhd8ed1ab_0.tar.bz2#be3bfd435802d2c768c6b2439f325f3d
https://conda.anaconda.org/conda-forge/osx-64/mistune-0.8.4-py37h271585c_1005.tar.bz2#3ecf9db811807601bd9cd32ac109f363
https://conda.anaconda.org/conda-forge/osx-64/mock-4.0.3-py37hf985489_2.tar.bz2#ff60f2d3c6aef96352fc601faa300ad3
https://conda.anaconda.org/conda-forge/osx-64/msgpack-python-1.0.2-py37h737db71_2.tar.bz2#139934deea1844a620b7cee23aa4dd20
https://conda.anaconda.org/conda-forge/osx-64/mypy_extensions-0.4.3-py37hf985489_4.tar.bz2#23695e9de782bbb3323441f6928f1ba2
https://conda.anaconda.org/conda-forge/noarch/packaging-21.0-pyhd8ed1ab_0.tar.bz2#45cfb8e482b5cce8f07c87e0e19a592c
https://conda.anaconda.org/conda-forge/noarch/partd-1.2.0-pyhd8ed1ab_0.tar.bz2#0c32f563d7f22e3a34c95cad8cc95651
https://conda.anaconda.org/conda-forge/noarch/pexpect-4.8.0-pyh9f0ad1d_2.tar.bz2#5909e7b978141dd80d28dbf9de627827
https://conda.anaconda.org/conda-forge/osx-64/pillow-8.3.2-py37h76dc067_0.tar.bz2#0701e6ad0bc469dec133a6be7ee26780
https://conda.anaconda.org/conda-forge/osx-64/psutil-5.8.0-py37h271585c_2.tar.bz2#bcd3a6fbda025b230528310a66593d88
https://conda.anaconda.org/conda-forge/osx-64/pyrsistent-0.18.0-py37h271585c_0.tar.bz2#891eac257f9306ca9061059871d0d2dd
https://conda.anaconda.org/conda-forge/osx-64/pysocks-1.7.1-py37hf985489_4.tar.bz2#ea559f233bd910536e03c63e2392b65c
https://conda.anaconda.org/conda-forge/noarch/python-dateutil-2.8.2-pyhd8ed1ab_0.tar.bz2#dd999d1cc9f79e67dbb855c8924c7984
https://conda.anaconda.org/conda-forge/osx-64/pyyaml-6.0-py37h271585c_3.tar.bz2#68b7aaa62f2133a5eb16f408417cf415
https://conda.anaconda.org/conda-forge/osx-64/pyzmq-22.3.0-py37h8f778e5_1.tar.bz2#45b26434af9758b5c5df9cc974d9c25b
https://conda.anaconda.org/conda-forge/osx-64/regex-2021.11.2-py37h271585c_0.tar.bz2#ecc3d2c9ca63de86e715e3a7dba8b361
https://conda.anaconda.org/conda-forge/osx-64/ruamel.yaml.clib-0.2.2-py37hf967b71_2.tar.bz2#bcac3469e98db6148891d5bbf3595648
https://conda.anaconda.org/conda-forge/osx-64/setuptools-58.5.3-py37hf985489_0.tar.bz2#f56202a5476c29836effc3e3f3ee5102
https://conda.anaconda.org/conda-forge/osx-64/sniffio-1.2.0-py37hf985489_2.tar.bz2#44bd440521770f1b52c4b66c320c3f1a
https://conda.anaconda.org/conda-forge/osx-64/tornado-6.1-py37h271585c_2.tar.bz2#911332a9a0c80d78b11cfedd5274f5d4
https://conda.anaconda.org/conda-forge/noarch/tqdm-4.62.3-pyhd8ed1ab_0.tar.bz2#24ed42db084efd6e615babec03c2b460
https://conda.anaconda.org/conda-forge/osx-64/typed-ast-1.4.3-py37h271585c_1.tar.bz2#3c6e037010baeedb6dde58c7ddd16f4a
https://conda.anaconda.org/conda-forge/noarch/typing-extensions-3.10.0.2-hd8ed1ab_0.tar.bz2#786c3b0de977da13146a2eaaa091ac46
https://conda.anaconda.org/conda-forge/osx-64/websocket-client-0.57.0-py37hf985489_6.tar.bz2#851d2531f864c06cc62ab832d3b562dd
https://conda.anaconda.org/conda-forge/noarch/zict-2.0.0-py_0.tar.bz2#4750152be22f24d695b3004c5e1712d3
https://conda.anaconda.org/conda-forge/osx-64/anyio-3.3.4-py37hf985489_0.tar.bz2#06a715cef6f7c48f59ec3aab9e15e55b
https://conda.anaconda.org/conda-forge/osx-64/argon2-cffi-21.1.0-py37h271585c_2.tar.bz2#51a7003a8480b9dc03be6d83dc391164
https://conda.anaconda.org/conda-forge/noarch/backports.functools_lru_cache-1.6.4-pyhd8ed1ab_0.tar.bz2#c5b3edc62d6309088f4970b3eaaa65a6
https://conda.anaconda.org/conda-forge/noarch/black-21.10b0-pyhd8ed1ab_0.tar.bz2#b155ac8dd08d3f52b27cb89eacb2a2aa
https://conda.anaconda.org/conda-forge/noarch/bleach-4.1.0-pyhd8ed1ab_0.tar.bz2#4a2104c7b22c222bd0fe03aaef12862c
https://conda.anaconda.org/conda-forge/osx-64/brotlipy-0.7.0-py37h271585c_1003.tar.bz2#5fbafd705627398bd425a414fa070cdd
https://conda.anaconda.org/conda-forge/osx-64/cmarkgfm-0.6.0-py37h271585c_2.tar.bz2#81c58ca6461bcc52640171d013f75f09
https://conda.anaconda.org/conda-forge/noarch/commonmark-0.9.1-py_0.tar.bz2#6aa0173c14befcd577ded130cf6f22f5
https://conda.anaconda.org/conda-forge/osx-64/cryptography-35.0.0-py37h5e77fcc_2.tar.bz2#feef2917ca44e63456589b128b3659a8
https://conda.anaconda.org/conda-forge/noarch/dask-core-2021.11.0-pyhd8ed1ab_0.tar.bz2#36c0f68a1e5928f54cb0abffa72e3a9c
https://conda.anaconda.org/conda-forge/noarch/importlib_metadata-4.8.1-hd8ed1ab_1.tar.bz2#88c27f1ac1d008aec59ebd4840c2391c
https://conda.anaconda.org/conda-forge/noarch/isort-5.10.0-pyhd8ed1ab_0.tar.bz2#4054266d5fe9074087f298b239eabc0a
https://conda.anaconda.org/conda-forge/noarch/jinja2-3.0.2-pyhd8ed1ab_0.tar.bz2#63bce5b7963c5f50273bd86a57b82272
https://conda.anaconda.org/conda-forge/noarch/jupyter_client-7.0.6-pyhd8ed1ab_0.tar.bz2#bad4522cf4a022cb5500969ad67c3342
https://conda.anaconda.org/conda-forge/osx-64/libnetcdf-4.8.1-nompi_h6609ca0_101.tar.bz2#8bb6071531fc82b4133f3a5280eefdfa
https://conda.anaconda.org/conda-forge/osx-64/numpy-1.21.4-py37haefe36b_0.tar.bz2#3a45d1c02b46f179e7004d104f82c73c
https://conda.anaconda.org/conda-forge/noarch/pip-21.3.1-pyhd8ed1ab_0.tar.bz2#e4fe2a9af78ff11f1aced7e62128c6a8
https://conda.anaconda.org/conda-forge/osx-64/pybtex-0.24.0-py37hf985489_1.tar.bz2#98cd91049f96547cdd3c671c5f691793
https://conda.anaconda.org/conda-forge/osx-64/pydantic-1.8.2-py37h271585c_2.tar.bz2#4fde4c2b1b95a5752ce55aa43a0a3f37
https://conda.anaconda.org/conda-forge/noarch/pygments-2.10.0-pyhd8ed1ab_0.tar.bz2#32bcce837f1316f1c3208118b6c5e5fc
https://conda.anaconda.org/conda-forge/osx-64/reportlab-3.5.68-py37h08983f2_0.tar.bz2#08398d53ef0f27f9617d0a72fa6f1f83
https://conda.anaconda.org/conda-forge/osx-64/ruamel.yaml-0.17.17-py37h271585c_0.tar.bz2#a8823e52d70b504c0c9d95e4d5dc0522
https://conda.anaconda.org/conda-forge/osx-64/terminado-0.12.1-py37hf985489_1.tar.bz2#df56ed8c106bfb2e3d629af229b6d673
https://conda.anaconda.org/conda-forge/noarch/argcomplete-1.12.3-pyhd8ed1ab_2.tar.bz2#b8152341fc3fc9880c6e1b9d188974e5
https://conda.anaconda.org/conda-forge/osx-64/bokeh-2.4.1-py37hf985489_1.tar.bz2#36e17328d85661d5b85bee386d122355
https://conda.anaconda.org/conda-forge/osx-64/cftime-1.5.1.1-py37h032687b_1.tar.bz2#dca58e9b4353719cd8473ba310dbcac6
https://conda.anaconda.org/conda-forge/osx-64/distributed-2021.11.0-py37hf985489_1.tar.bz2#704ee1968d4ce09132783f3df58a3d74
https://conda.anaconda.org/conda-forge/osx-64/importlib_resources-3.3.1-py37hf985489_0.tar.bz2#16d16fbcd58c83890f2b6d702bc78099
https://conda.anaconda.org/conda-forge/noarch/jupyterlab_pygments-0.1.2-pyh9f0ad1d_0.tar.bz2#2cbd910890bb328e8959246a1e16fac7
https://conda.anaconda.org/conda-forge/osx-64/keyring-23.2.1-py37hf985489_0.tar.bz2#5d3a6bd174874292796d0b6317836927
https://conda.anaconda.org/conda-forge/osx-64/matplotlib-base-3.4.3-py37h3147e9e_1.tar.bz2#092d74bb45f805a0a70d96d95112ffe5
https://conda.anaconda.org/conda-forge/osx-64/pandas-1.3.4-py37h5b83a90_1.tar.bz2#ebad1d9bb46fc86b3cac62a86369145e
https://conda.anaconda.org/conda-forge/osx-64/pep517-0.12.0-py37hf985489_1.tar.bz2#44e3101989d7be12df7c60f0135459c7
https://conda.anaconda.org/conda-forge/noarch/pint-0.18-pyhd8ed1ab_0.tar.bz2#c6f17ed0b49bef3ae096a15dee5f47d5
https://conda.anaconda.org/conda-forge/osx-64/pluggy-1.0.0-py37hf985489_2.tar.bz2#9a5d0196fa10b6a4a8583d2f9a219716
https://conda.anaconda.org/conda-forge/osx-64/pybtex-docutils-1.0.1-py37hf985489_1.tar.bz2#547b24b466cbfb53c339c75d08ccd73d
https://conda.anaconda.org/conda-forge/noarch/pyopenssl-21.0.0-pyhd8ed1ab_0.tar.bz2#8c49efecb7dca466e18b06015e8c88ce
https://conda.anaconda.org/conda-forge/noarch/readme_renderer-27.0-pyh9f0ad1d_0.tar.bz2#38446dff7f69efd3fab98ab4dc68c0c8
https://conda.anaconda.org/conda-forge/osx-64/rich-10.13.0-py37hf985489_0.tar.bz2#3bf792b240f07ce6c6fa9e667ca43366
https://conda.anaconda.org/conda-forge/noarch/rst2pdf-0.98-pyh9f0ad1d_0.tar.bz2#1b895acb39f0ddcc83dcf1607ca69003
https://conda.anaconda.org/conda-forge/osx-64/scipy-1.7.1-py37h4e3cf02_0.tar.bz2#ef3c6eb65d77ba046eb726d028e7770c
https://conda.anaconda.org/conda-forge/noarch/wcwidth-0.2.5-pyh9f0ad1d_2.tar.bz2#5266fcd697043c59621fda522b3d78ee
https://conda.anaconda.org/conda-forge/noarch/dask-2021.11.0-pyhd8ed1ab_0.tar.bz2#bdc1022f6d0aa7ef23baae25a46073c5
https://conda.anaconda.org/conda-forge/noarch/iapws-1.5.2-pyh9f0ad1d_0.tar.bz2#3aa31b761bc6aa3acc0d6d01e0bf2e01
https://conda.anaconda.org/conda-forge/noarch/jsonschema-4.2.1-pyhd8ed1ab_0.tar.bz2#0a4d10a794fc48016d8d0453365180ad
https://conda.anaconda.org/conda-forge/osx-64/matplotlib-3.4.3-py37hf985489_1.tar.bz2#3685bcb573b031ce59f1ebe7aef91c15
https://conda.anaconda.org/conda-forge/osx-64/netcdf4-1.5.8-nompi_py37h5a78667_101.tar.bz2#272fc930a3793989060530030476b7c7
https://conda.anaconda.org/conda-forge/noarch/patsy-0.5.2-pyhd8ed1ab_0.tar.bz2#2e4e8be763551f60bbfcc22b650e5d49
https://conda.anaconda.org/eradiate/noarch/pinttrs-21.3.1-py_0.tar.bz2#182392baa407088d0b4340638e484694
https://conda.anaconda.org/conda-forge/noarch/pip-tools-6.4.0-pyhd8ed1ab_0.tar.bz2#5da1f813b0cb11d9560b1331c13688f1
https://conda.anaconda.org/conda-forge/noarch/prompt-toolkit-3.0.22-pyha770c72_0.tar.bz2#a749a230f0d950eae1dedf13ff344b15
https://conda.anaconda.org/conda-forge/osx-64/pytest-6.2.5-py37hf985489_1.tar.bz2#2effb5d73530e43038807b4104701871
https://conda.anaconda.org/conda-forge/noarch/seaborn-base-0.11.2-pyhd8ed1ab_0.tar.bz2#fe2303dc8f1febeb82d927ce8ad153ed
https://conda.anaconda.org/conda-forge/noarch/urllib3-1.26.7-pyhd8ed1ab_0.tar.bz2#be75bab4820a56f77ba1a3fc9139c36a
https://conda.anaconda.org/conda-forge/noarch/xarray-0.19.0-pyhd8ed1ab_1.tar.bz2#1f8ae14e40a12017f7ed9586e03a6336
https://conda.anaconda.org/conda-forge/osx-64/ipython-7.29.0-py37h4c52d7d_1.tar.bz2#c34549f884eda1ca106b03e57798d471
https://conda.anaconda.org/conda-forge/noarch/nbformat-5.1.3-pyhd8ed1ab_0.tar.bz2#bafa5df6d4f8db69a4d197b4657127e7
https://conda.anaconda.org/conda-forge/noarch/pytest-forked-1.3.0-pyhd3deb0d_0.tar.bz2#2d103cf417c949e689278a5836c452cb
https://conda.anaconda.org/conda-forge/noarch/pytest-metadata-1.11.0-pyhd3deb0d_0.tar.bz2#2e92f7ccb8d9a03966fc36e3861522ec
https://conda.anaconda.org/conda-forge/noarch/requests-2.26.0-pyhd8ed1ab_0.tar.bz2#0ed2ccbde6db9dd5789068eb7194463f
https://conda.anaconda.org/conda-forge/osx-64/statsmodels-0.13.0-py37h032687b_0.tar.bz2#ae1058d3ba26c4d190ad158aa62c51de
https://conda.anaconda.org/conda-forge/noarch/ensureconda-1.4.1-pyhd8ed1ab_0.tar.bz2#52a7f7cc9076e2c8a25e15e19ad42821
https://conda.anaconda.org/conda-forge/osx-64/ipykernel-6.4.2-py37h4c52d7d_0.tar.bz2#7fdf875b207d16f90d625025cc663e5d
https://conda.anaconda.org/conda-forge/noarch/nbclient-0.5.4-pyhd8ed1ab_0.tar.bz2#66ea0ea89e4f657a8b85fa5bdfce60ac
https://conda.anaconda.org/conda-forge/noarch/pytest-json-report-1.2.4-pyh9f0ad1d_0.tar.bz2#83018f154e27bf943a790e533272d092
https://conda.anaconda.org/conda-forge/noarch/pytest-xdist-2.4.0-pyhd8ed1ab_0.tar.bz2#ff7ce4f4c4a5e9a7825d4a7f045f0f1a
https://conda.anaconda.org/conda-forge/noarch/requests-toolbelt-0.9.1-py_0.tar.bz2#402668adee8fcba9a9c265cdc2a88f5a
https://conda.anaconda.org/conda-forge/noarch/seaborn-0.11.2-hd8ed1ab_0.tar.bz2#e56b6a19f4b717eca7c68ad78196b075
https://conda.anaconda.org/conda-forge/noarch/sphinx-4.2.0-pyh6c4a22f_0.tar.bz2#ea5c6881a11a0d9c4d04f1ebae87bb34
https://conda.anaconda.org/conda-forge/noarch/conda-lock-0.13.1-pyhd8ed1ab_0.tar.bz2#2e3e581b9c7d493191d08ed88c18f7c0
https://conda.anaconda.org/conda-forge/osx-64/nbconvert-6.2.0-py37hf985489_0.tar.bz2#160683cf32621ac3c32d87cdd919feb9
https://conda.anaconda.org/conda-forge/noarch/pydata-sphinx-theme-0.6.3-pyhd8ed1ab_0.tar.bz2#a84900edc6e963d1cb448488bc06086b
https://conda.anaconda.org/conda-forge/noarch/sphinx-copybutton-0.4.0-pyhd8ed1ab_0.tar.bz2#80fd2cc25ad45911b4e42d5b91593e2f
https://conda.anaconda.org/conda-forge/noarch/sphinx-gallery-0.10.0-pyhd8ed1ab_0.tar.bz2#1a8b251e46cec2cc31add6ab5d001832
https://conda.anaconda.org/conda-forge/noarch/sphinx-panels-0.6.0-pyhd8ed1ab_0.tar.bz2#6eec6480601f5d15babf9c3b3987f34a
https://conda.anaconda.org/conda-forge/noarch/sphinxcontrib-bibtex-2.4.1-pyhd8ed1ab_0.tar.bz2#25db75d045a54220a0a6759ed79c7d9b
https://conda.anaconda.org/conda-forge/noarch/twine-3.5.0-pyhd8ed1ab_0.tar.bz2#11f432d3fbe7dae9d1d09ac254924afb
https://conda.anaconda.org/conda-forge/noarch/jupyter_server-1.11.2-pyhd8ed1ab_0.tar.bz2#f14d0f526177445a4de21dc878d21b31
https://conda.anaconda.org/conda-forge/noarch/notebook-6.4.5-pyha770c72_0.tar.bz2#38dbdd8c5c765323710d15e4826a93ec
https://conda.anaconda.org/conda-forge/noarch/sphinx-book-theme-0.1.6-pyhd8ed1ab_0.tar.bz2#6cffad9b42c93d92182bfe9d811b7b86
https://conda.anaconda.org/conda-forge/noarch/jupyterlab_server-2.8.2-pyhd8ed1ab_0.tar.bz2#c7891bb53fbb3911f4b526533314d63b
https://conda.anaconda.org/conda-forge/noarch/nbclassic-0.3.4-pyhd8ed1ab_0.tar.bz2#e21efe42d229d4b8a42ae4aa08ac4198
https://conda.anaconda.org/conda-forge/osx-64/widgetsnbextension-3.5.2-py37hf985489_0.tar.bz2#8c8f51f9e9805704e14628dcbbc20407
https://conda.anaconda.org/conda-forge/noarch/ipywidgets-7.6.5-pyhd8ed1ab_0.tar.bz2#6f2ee1ec157104df141e2e5afeba98d4
https://conda.anaconda.org/conda-forge/noarch/jupyterlab-3.2.2-pyhd8ed1ab_0.tar.bz2#f41e7e2f2213004a52f41a96245195f1
