# platform: osx-64
# env_hash: 861867ff21ad4f9f6e264afc3c8379dfe9051aef9d8064e1f0cc6b8e2f3a17a3
@EXPLICIT
https://conda.anaconda.org/conda-forge/osx-64/bzip2-1.0.8-hc929b4f_4.tar.bz2#521b82c700a64bac7d8da27539422e91
https://conda.anaconda.org/conda-forge/osx-64/c-ares-1.17.1-hc929b4f_0.tar.bz2#24fc0b91a6eacc6753fef90514d67ce9
https://conda.anaconda.org/conda-forge/osx-64/ca-certificates-2020.12.5-h033912b_0.tar.bz2#4483d8ea13bd57b52e3539e741501a7d
https://conda.anaconda.org/conda-forge/osx-64/jpeg-9d-hbcb3906_0.tar.bz2#ff6fba028f282f94ceb10597d58a56e8
https://conda.anaconda.org/conda-forge/osx-64/libcxx-11.0.1-habf9029_0.tar.bz2#51c221f12b7975d60dae27cd8280efac
https://conda.anaconda.org/conda-forge/osx-64/libev-4.33-haf1e3a3_1.tar.bz2#79dc2be110b2a3d1e97ec21f691c50ad
https://conda.anaconda.org/conda-forge/osx-64/libsodium-1.0.18-hbcb3906_1.tar.bz2#24632c09ed931af617fe6d5292919cab
https://conda.anaconda.org/conda-forge/osx-64/libwebp-base-1.2.0-hbcf498f_0.tar.bz2#1405fc14579e59a44962ad6317a06f23
https://conda.anaconda.org/conda-forge/osx-64/llvm-openmp-11.0.1-h7c73e74_0.tar.bz2#86683a2ccd280574c0af1efb95b20aec
https://conda.anaconda.org/conda-forge/osx-64/ncurses-6.2-h2e338ed_4.tar.bz2#9cef1910395d1543527583e73dba30f1
https://conda.anaconda.org/conda-forge/osx-64/pandoc-2.11.4-h35c211d_0.tar.bz2#7d3282f19abe9745707987104954bbcb
https://conda.anaconda.org/conda-forge/osx-64/xz-5.2.5-haf1e3a3_1.tar.bz2#41116deb499e9bc58048c297d6403ce6
https://conda.anaconda.org/conda-forge/osx-64/yaml-0.2.5-haf1e3a3_0.tar.bz2#84c2fc186995c25a43e86ed708065572
https://conda.anaconda.org/conda-forge/osx-64/zlib-1.2.11-h7795811_1010.tar.bz2#7d39e47e16ed0107f37c7224d5b5be8b
https://conda.anaconda.org/conda-forge/osx-64/hdf4-4.2.13-h71d84a9_1004.tar.bz2#798adc59c4f9633b4146fd0bde19437b
https://conda.anaconda.org/conda-forge/osx-64/libedit-3.1.20191231-h0678c8f_2.tar.bz2#6016a8a1d0e63cac3de2c352cd40208b
https://conda.anaconda.org/conda-forge/osx-64/libffi-3.3-h046ec9c_2.tar.bz2#c7a196accaf92d40985d5c9b4d14f9cb
https://conda.anaconda.org/conda-forge/osx-64/libgfortran5-9.3.0-h6c81a4c_18.tar.bz2#02383e6cf682ef893c6e1f7892a6865e
https://conda.anaconda.org/conda-forge/osx-64/libpng-1.6.37-h7cec526_2.tar.bz2#9e52521faba2b53269672628d34e1513
https://conda.anaconda.org/conda-forge/osx-64/lz4-c-1.9.3-h046ec9c_0.tar.bz2#7f13d69c1b7989b85029efb6f3e35af9
https://conda.anaconda.org/conda-forge/osx-64/openssl-1.1.1j-hbcf498f_0.tar.bz2#09a02162d159d2f7ebe8749ae6960667
https://conda.anaconda.org/conda-forge/osx-64/readline-8.0-h0678c8f_2.tar.bz2#8f69d684fce8e73328995d7efb77816a
https://conda.anaconda.org/conda-forge/osx-64/tk-8.6.10-h0419947_1.tar.bz2#9a79a432473acddd936ff8bab8b86145
https://conda.anaconda.org/conda-forge/osx-64/zeromq-4.3.4-h1c7c35f_0.tar.bz2#2af55e3523e9210b2b2dff5855fb5382
https://conda.anaconda.org/conda-forge/osx-64/freetype-2.10.4-h4cff582_1.tar.bz2#5a136a432c6062362cd7990c514bd8d6
https://conda.anaconda.org/conda-forge/osx-64/krb5-1.17.2-h60d9502_0.tar.bz2#abf2add2a1ade1920b25a8f3327a1aa0
https://conda.anaconda.org/conda-forge/osx-64/libgfortran-5.0.0-9_3_0_h6c81a4c_18.tar.bz2#3eb238d3935324db974670ff07f97767
https://conda.anaconda.org/conda-forge/osx-64/libnghttp2-1.43.0-h07e645a_0.tar.bz2#b4a9c405d47f3b120ed6cf86cc8a13aa
https://conda.anaconda.org/conda-forge/osx-64/libssh2-1.9.0-h8a08a2b_5.tar.bz2#2e0e86262d3c9a11230ab55fc0468e49
https://conda.anaconda.org/conda-forge/osx-64/sqlite-3.34.0-h17101e1_0.tar.bz2#9e9694f119bb1a2362a0cc0249651835
https://conda.anaconda.org/conda-forge/osx-64/zstd-1.4.8-hf387650_1.tar.bz2#c17f2ece6445e21c290df2f9a0f1f94d
https://conda.anaconda.org/conda-forge/osx-64/libcurl-7.71.1-h9bf37e3_8.tar.bz2#1a136204085b4c620fe2ed74fb1112bf
https://conda.anaconda.org/conda-forge/osx-64/libopenblas-0.3.12-openmp_h54245bb_1.tar.bz2#ecaffce11312c27c18ad35e65095fecc
https://conda.anaconda.org/conda-forge/osx-64/libtiff-4.2.0-h355d032_0.tar.bz2#ad3cbf0f77b9f89df082eef584d9009a
https://conda.anaconda.org/conda-forge/osx-64/python-3.7.10-h7728216_100_cpython.tar.bz2#ba448dbd4b06c0776981a37a09786f1a
https://conda.anaconda.org/eradiate/noarch/aabbtree-2.6.2-py_0.tar.bz2#4836ecfb8ab91494fd2f49dee6c7611d
https://conda.anaconda.org/conda-forge/noarch/alabaster-0.7.12-py_0.tar.bz2#2489a97287f90176ecdc3ca982b4b0a0
https://conda.anaconda.org/conda-forge/noarch/apipkg-1.5-py_0.tar.bz2#4e79696efff4eae6cbcbeddbb5bbb5ee
https://conda.anaconda.org/conda-forge/noarch/appdirs-1.4.4-pyh9f0ad1d_0.tar.bz2#5f095bc6454094e96f146491fd03633b
https://conda.anaconda.org/conda-forge/noarch/async_generator-1.10-py_0.tar.bz2#d56c596e61b1c4952acf0a9920856c12
https://conda.anaconda.org/conda-forge/noarch/attrs-20.3.0-pyhd3deb0d_0.tar.bz2#5b319abb055eefcfa344bc21378ca23f
https://conda.anaconda.org/conda-forge/noarch/backcall-0.2.0-pyh9f0ad1d_0.tar.bz2#6006a6d08a3fa99268a2681c7fb55213
https://conda.anaconda.org/conda-forge/noarch/backports-1.0-py_2.tar.bz2#0da16b293affa6ac31812376f8eb79dd
https://conda.anaconda.org/conda-forge/noarch/bump2version-1.0.1-pyh9f0ad1d_0.tar.bz2#1b3fd56f54baa99e3c9967caf279f66f
https://conda.anaconda.org/conda-forge/noarch/cerberus-1.3.2-py_0.tar.bz2#d124feeefccd6bc48fca37bf96d4fd3c
https://conda.anaconda.org/conda-forge/noarch/click-7.1.2-pyh9f0ad1d_0.tar.bz2#bd50a970ce07e660c319fdc4d730d3f1
https://conda.anaconda.org/conda-forge/noarch/cloudpickle-1.6.0-py_0.tar.bz2#76d764d8881719e305f6fa368dc2b65e
https://conda.anaconda.org/conda-forge/noarch/colorama-0.4.4-pyh9f0ad1d_0.tar.bz2#c08b4c1326b880ed44f3ffb04803332f
https://conda.anaconda.org/conda-forge/osx-64/curl-7.71.1-hcb81553_8.tar.bz2#82d166def6b920c17688f9ec0d766908
https://conda.anaconda.org/conda-forge/noarch/dataclasses-0.7-pyhb2cacf7_7.tar.bz2#3c9869f82e8f246c3f26e91da684597e
https://conda.anaconda.org/conda-forge/noarch/decorator-4.4.2-py_0.tar.bz2#d2eabb9cabd212e1ec6a9463bd846243
https://conda.anaconda.org/conda-forge/noarch/defusedxml-0.6.0-py_0.tar.bz2#37e1033daee0e2edaa5ff42584c52b21
https://conda.anaconda.org/conda-forge/noarch/entrypoints-0.3-pyhd8ed1ab_1003.tar.bz2#bbf9a201f6ce99a506f4955374d9a9f4
https://conda.anaconda.org/conda-forge/noarch/filelock-3.0.12-pyh9f0ad1d_0.tar.bz2#7544ed05bbbe9bb687bc9bcbe4d6cb46
https://conda.anaconda.org/conda-forge/noarch/fsspec-0.8.5-pyhd8ed1ab_0.tar.bz2#6f86dae0901b373f96b7e92768ef6ebe
https://conda.anaconda.org/conda-forge/osx-64/hdf5-1.10.6-nompi_hc5d9132_1114.tar.bz2#b7f592b79c2c97646a6c7f874b0db33a
https://conda.anaconda.org/conda-forge/noarch/heapdict-1.0.1-py_0.tar.bz2#77242bfb1e74a627fb06319b5a2d3b95
https://conda.anaconda.org/conda-forge/noarch/idna-2.10-pyh9f0ad1d_0.tar.bz2#f95a12b4f435aae6680fe55ae2eb1b06
https://conda.anaconda.org/conda-forge/noarch/imagesize-1.2.0-py_0.tar.bz2#5879bd2c4b399a5072468e5fe587bf1b
https://conda.anaconda.org/conda-forge/noarch/iniconfig-1.1.1-pyh9f0ad1d_0.tar.bz2#39161f81cc5e5ca45b8226fbb06c6905
https://conda.anaconda.org/conda-forge/noarch/ipython_genutils-0.2.0-py_1.tar.bz2#5071c982548b3a20caf70462f04f5287
https://conda.anaconda.org/conda-forge/noarch/json5-0.9.5-pyh9f0ad1d_0.tar.bz2#10759827a94e6b14996e81fb002c0bda
https://conda.anaconda.org/conda-forge/noarch/jupyterlab_widgets-1.0.0-pyhd8ed1ab_1.tar.bz2#f8da92114c8fbe1d951b0efaf54dd14b
https://conda.anaconda.org/conda-forge/osx-64/lcms2-2.12-h577c468_0.tar.bz2#abce77b852b73670e85e104746b0ea1b
https://conda.anaconda.org/conda-forge/osx-64/libblas-3.9.0-8_openblas.tar.bz2#054ee8e709d3d9c2678a3c8bda034896
https://conda.anaconda.org/conda-forge/noarch/locket-0.2.0-py_2.tar.bz2#709e8671651c7ec3d1ad07800339ff1d
https://conda.anaconda.org/conda-forge/noarch/more-itertools-8.7.0-pyhd8ed1ab_0.tar.bz2#3be1ba5a28d394d78f3d692fb9e5c1c2
https://conda.anaconda.org/conda-forge/noarch/nest-asyncio-1.4.3-pyhd8ed1ab_0.tar.bz2#a1f2fda4d88c624810bf2029aa4c0827
https://conda.anaconda.org/conda-forge/noarch/olefile-0.46-pyh9f0ad1d_1.tar.bz2#0b2e68acc8c78c8cc392b90983481f58
https://conda.anaconda.org/conda-forge/noarch/oset-0.1.3-py_1.tar.bz2#4c1f50f50fc006830864a2a802b1f592
https://conda.anaconda.org/conda-forge/noarch/pandocfilters-1.4.2-py_1.tar.bz2#ba6f4a308f1ea22abe1d72e72544af76
https://conda.anaconda.org/conda-forge/noarch/parso-0.8.1-pyhd8ed1ab_0.tar.bz2#8b0a19d867a59005c1ae631d61a12194
https://conda.anaconda.org/conda-forge/noarch/pathspec-0.8.1-pyhd3deb0d_0.tar.bz2#fcd2fbb062b55d14a77e664c89ee17a6
https://conda.anaconda.org/conda-forge/noarch/pickleshare-0.7.5-py_1003.tar.bz2#415f0ebb6198cc2801c73438a9fb5761
https://conda.anaconda.org/conda-forge/noarch/pkginfo-1.7.0-pyhd8ed1ab_0.tar.bz2#3ea3fca4afad20d8ec2f5b611bffde53
https://conda.anaconda.org/conda-forge/noarch/prometheus_client-0.9.0-pyhd3deb0d_0.tar.bz2#c7af95daf5bae22ead34151e0ab9d041
https://conda.anaconda.org/conda-forge/noarch/ptyprocess-0.7.0-pyhd3deb0d_0.tar.bz2#359eeb6536da0e687af562ed265ec263
https://conda.anaconda.org/conda-forge/noarch/py-1.10.0-pyhd3deb0d_0.tar.bz2#88ca1328ecc79a070214aa24911bace8
https://conda.anaconda.org/conda-forge/noarch/pycparser-2.20-pyh9f0ad1d_2.tar.bz2#aa798d50ffd182a0f6f31478c7f434f6
https://conda.anaconda.org/conda-forge/noarch/pyparsing-2.4.7-pyh9f0ad1d_0.tar.bz2#626c4f20d5bf06dcec9cf2eaa31725c7
https://conda.anaconda.org/conda-forge/osx-64/python_abi-3.7-1_cp37m.tar.bz2#d2cb192f8948ea603927a71f015574dd
https://conda.anaconda.org/conda-forge/noarch/pytz-2021.1-pyhd8ed1ab_0.tar.bz2#3af2e9424d5eb0063824a3f9b850d411
https://conda.anaconda.org/conda-forge/noarch/rfc3986-1.4.0-pyh9f0ad1d_0.tar.bz2#4dd11e722e5a29afc55e5d7f15782130
https://conda.anaconda.org/conda-forge/noarch/send2trash-1.5.0-py_0.tar.bz2#c3779037a635e1150f1c53c28b875949
https://conda.anaconda.org/conda-forge/noarch/six-1.15.0-pyh9f0ad1d_0.tar.bz2#1eec421f0f1f39e579e44e4a5ce646a2
https://conda.anaconda.org/conda-forge/noarch/snowballstemmer-2.1.0-pyhd8ed1ab_0.tar.bz2#f1d64c0cf0eedf655a96ccdc1573c05a
https://conda.anaconda.org/conda-forge/noarch/sortedcontainers-2.3.0-pyhd8ed1ab_0.tar.bz2#2f5b87cd0bdf1822b62e40909f471db4
https://conda.anaconda.org/conda-forge/noarch/sphinxcontrib-applehelp-1.0.2-py_0.tar.bz2#20b2eaeaeea4ef9a9a0d99770620fd09
https://conda.anaconda.org/conda-forge/noarch/sphinxcontrib-devhelp-1.0.2-py_0.tar.bz2#68e01cac9d38d0e717cd5c87bc3d2cc9
https://conda.anaconda.org/conda-forge/noarch/sphinxcontrib-htmlhelp-1.0.3-py_0.tar.bz2#4508a40465ebf0105e52f7194f299411
https://conda.anaconda.org/conda-forge/noarch/sphinxcontrib-jsmath-1.0.1-py_0.tar.bz2#67cd9d9c0382d37479b4d306c369a2d4
https://conda.anaconda.org/conda-forge/noarch/sphinxcontrib-qthelp-1.0.3-py_0.tar.bz2#d01180388e6d1838c3e1ad029590aa7a
https://conda.anaconda.org/conda-forge/noarch/sphinxcontrib-serializinghtml-1.1.4-py_0.tar.bz2#8ea6a8036e28dba8827d35c764709358
https://conda.anaconda.org/conda-forge/noarch/tabulate-0.8.9-pyhd8ed1ab_0.tar.bz2#ee657dbe69e892aeccde7cabb4edf261
https://conda.anaconda.org/conda-forge/noarch/tblib-1.6.0-py_0.tar.bz2#0e1562c39e804e0d7df8650626379caa
https://conda.anaconda.org/conda-forge/noarch/testpath-0.4.4-py_0.tar.bz2#3b98fff4d5342bebde2ecaa314f796f9
https://conda.anaconda.org/conda-forge/noarch/tinydb-4.4.0-pyh44b312d_0.tar.bz2#7eae4c65984fa669f9f2bf36721caf97
https://conda.anaconda.org/conda-forge/noarch/toml-0.10.2-pyhd8ed1ab_0.tar.bz2#f832c45a477c78bebd107098db465095
https://conda.anaconda.org/conda-forge/noarch/toolz-0.11.1-py_0.tar.bz2#d1e66b58cb00b3817ad9f05eec098c00
https://conda.anaconda.org/conda-forge/noarch/tqdm-4.57.0-pyhd8ed1ab_0.tar.bz2#d9b5df7cfaf4d7ac83d1cf3aba52cfd1
https://conda.anaconda.org/conda-forge/noarch/typing_extensions-3.7.4.3-py_0.tar.bz2#12b96e382730541a4b332420227055ae
https://conda.anaconda.org/conda-forge/noarch/webencodings-0.5.1-py_1.tar.bz2#3563be4c5611a44210d9ba0c16113136
https://conda.anaconda.org/conda-forge/noarch/wheel-0.36.2-pyhd3deb0d_0.tar.bz2#768bfbe026426d0e76b377997d1f2b98
https://conda.anaconda.org/conda-forge/noarch/zipp-3.4.0-py_0.tar.bz2#0df927d2e46244cef8fd75d7ec2ba51c
https://conda.anaconda.org/conda-forge/osx-64/appnope-0.1.2-py37hf985489_1.tar.bz2#1bee6125d3ade317803d5358ea3f0e83
https://conda.anaconda.org/conda-forge/noarch/babel-2.9.0-pyhd3deb0d_0.tar.bz2#1cb532c9a6fd4e56a9f0906b87c17b76
https://conda.anaconda.org/conda-forge/osx-64/certifi-2020.12.5-py37hf985489_1.tar.bz2#176e0bb42110e5090e859847d11cf5e6
https://conda.anaconda.org/conda-forge/osx-64/cffi-1.14.5-py37h4d371b4_0.tar.bz2#fe873b3f987f3e9203bb4165197a1281
https://conda.anaconda.org/conda-forge/osx-64/chardet-4.0.0-py37hf985489_1.tar.bz2#212f48113f4aa416eb58404fbece967b
https://conda.anaconda.org/conda-forge/noarch/click-default-group-1.2.1-py_0.tar.bz2#64a66d3d4db54208496c4e2fa822eeee
https://conda.anaconda.org/conda-forge/osx-64/coverage-5.4-py37hf967b71_0.tar.bz2#b776ba3e8faf49be218c0fc57880a800
https://conda.anaconda.org/conda-forge/noarch/cycler-0.10.0-py_2.tar.bz2#f6d7c7e6d8f42cbbec7e07a8d879f91c
https://conda.anaconda.org/conda-forge/osx-64/cytoolz-0.11.0-py37hf967b71_3.tar.bz2#476be4e1c4643e52eb01bba3f95fe4f8
https://conda.anaconda.org/conda-forge/osx-64/docutils-0.16-py37hf985489_3.tar.bz2#dca030e3fb4289970f4722741bfe009b
https://conda.anaconda.org/conda-forge/noarch/execnet-1.8.0-pyh44b312d_0.tar.bz2#b47fd30010f4f64d324d14b9a6e882ca
https://conda.anaconda.org/conda-forge/osx-64/importlib-metadata-3.4.0-py37hf985489_0.tar.bz2#cd3d5e409614339e065a58d649c6186c
https://conda.anaconda.org/conda-forge/osx-64/jedi-0.18.0-py37hf985489_2.tar.bz2#8cf41e3992c9d1ae8549dfaf03d4bc14
https://conda.anaconda.org/conda-forge/osx-64/kiwisolver-1.3.1-py37h70f7d40_1.tar.bz2#2b3639e4db0eab6a502a11ff8ca9a1e8
https://conda.anaconda.org/conda-forge/noarch/latexcodec-2.0.1-pyh9f0ad1d_0.tar.bz2#8d67904973263afd2985ba56aa2d6bb4
https://conda.anaconda.org/conda-forge/osx-64/libcblas-3.9.0-8_openblas.tar.bz2#67acafbc05ce608462a59740ef546b52
https://conda.anaconda.org/conda-forge/osx-64/liblapack-3.9.0-8_openblas.tar.bz2#f20c01455d69b8a613bb92cd4544b553
https://conda.anaconda.org/conda-forge/osx-64/libnetcdf-4.7.4-nompi_h9d8a93f_107.tar.bz2#09ef7d30cb89bacb8ed62ca2f87046b6
https://conda.anaconda.org/conda-forge/osx-64/markupsafe-1.1.1-py37hf967b71_3.tar.bz2#012d1704c4914ea54b2166c6c8123d2e
https://conda.anaconda.org/conda-forge/osx-64/mistune-0.8.4-py37hf967b71_1003.tar.bz2#0774ff87ae140bb568ac2b0a35ea31ec
https://conda.anaconda.org/conda-forge/osx-64/mock-4.0.3-py37hf985489_1.tar.bz2#8f508d1aa0796bbd9aed3d4dcbc179d7
https://conda.anaconda.org/conda-forge/osx-64/msgpack-python-1.0.2-py37h70f7d40_1.tar.bz2#fd3404efec845fc1aba62efbac9302c3
https://conda.anaconda.org/conda-forge/osx-64/mypy_extensions-0.4.3-py37hf985489_3.tar.bz2#818d88fe5b710f7ac3a74fa9b1342413
https://conda.anaconda.org/conda-forge/noarch/packaging-20.9-pyh44b312d_0.tar.bz2#be69a38e912054a62dc82cc3c7711a64
https://conda.anaconda.org/conda-forge/noarch/partd-1.1.0-py_0.tar.bz2#4afbf2cdf4e6ad279080d3adb5cefaae
https://conda.anaconda.org/conda-forge/noarch/pexpect-4.8.0-pyh9f0ad1d_2.tar.bz2#5909e7b978141dd80d28dbf9de627827
https://conda.anaconda.org/conda-forge/osx-64/pillow-8.1.0-py37hd722d6e_2.tar.bz2#fee097e3f28a1301a4a4beabc8aaa5af
https://conda.anaconda.org/conda-forge/osx-64/psutil-5.8.0-py37hf967b71_1.tar.bz2#a5cb28290dc234deaa40fb2805411148
https://conda.anaconda.org/conda-forge/osx-64/pyrsistent-0.17.3-py37hf967b71_2.tar.bz2#a73a5df626e453d48b4454b8e0d535b2
https://conda.anaconda.org/conda-forge/osx-64/pysocks-1.7.1-py37hf985489_3.tar.bz2#02bf224638f91b6b695fec5de6bbd860
https://conda.anaconda.org/conda-forge/noarch/python-dateutil-2.8.1-py_0.tar.bz2#0d0150ed9c2d25817f5324108d3f7571
https://conda.anaconda.org/conda-forge/osx-64/pyyaml-5.4.1-py37hf967b71_0.tar.bz2#3c96ec4a68120ccee37cda33192381a0
https://conda.anaconda.org/conda-forge/osx-64/pyzmq-22.0.3-py37hf4687c3_0.tar.bz2#8bf5c3e8d1ab26477fde8ff778beecb5
https://conda.anaconda.org/conda-forge/osx-64/regex-2020.11.13-py37hf967b71_1.tar.bz2#e67c3476a91189574a4a9e30c502db5d
https://conda.anaconda.org/conda-forge/osx-64/ruamel.yaml.clib-0.2.2-py37hf967b71_2.tar.bz2#bcac3469e98db6148891d5bbf3595648
https://conda.anaconda.org/conda-forge/osx-64/sniffio-1.2.0-py37hf985489_1.tar.bz2#d2624002903acd9b87e73b436b18c7fe
https://conda.anaconda.org/conda-forge/osx-64/tornado-6.1-py37hf967b71_1.tar.bz2#b2ae53e0e2bfded281be471b4391cfdf
https://conda.anaconda.org/conda-forge/noarch/traitlets-5.0.5-py_0.tar.bz2#99618ee9ab1323e40f231acdab92fe60
https://conda.anaconda.org/conda-forge/osx-64/typed-ast-1.4.2-py37hf967b71_0.tar.bz2#5af86c19a0e7ed581903e97beb371826
https://conda.anaconda.org/conda-forge/noarch/zict-2.0.0-py_0.tar.bz2#4750152be22f24d695b3004c5e1712d3
https://conda.anaconda.org/conda-forge/osx-64/anyio-2.1.0-py37hf985489_0.tar.bz2#bd429dda49e4fa43d900129b2c2a75c8
https://conda.anaconda.org/conda-forge/osx-64/argon2-cffi-20.1.0-py37hf967b71_2.tar.bz2#4548b36af838ff2f9a0cc021348890f3
https://conda.anaconda.org/conda-forge/noarch/black-20.8b1-py_1.tar.bz2#e555d6b71ec916c3dc4e6e3793cc9796
https://conda.anaconda.org/conda-forge/osx-64/brotlipy-0.7.0-py37hf967b71_1001.tar.bz2#2e1016af5a81ba9e50d8bd25bf82b352
https://conda.anaconda.org/conda-forge/osx-64/cmarkgfm-0.5.2-py37h7585375_0.tar.bz2#c435a9091bc24bc3897f2f4c6d9dd9e2
https://conda.anaconda.org/conda-forge/osx-64/cryptography-3.4.4-py37ha1e1f9f_0.tar.bz2#8f27a350192cae363a244ba30a549ffc
https://conda.anaconda.org/conda-forge/noarch/dask-core-2021.2.0-pyhd8ed1ab_0.tar.bz2#55e9ec3fa2b40d163f062977c7fee870
https://conda.anaconda.org/conda-forge/noarch/importlib_metadata-3.4.0-hd8ed1ab_0.tar.bz2#6d962cade0658bb1040a3e994add14e0
https://conda.anaconda.org/conda-forge/osx-64/jupyter_core-4.7.1-py37hf985489_0.tar.bz2#a49ae78b4a221744cca02dfed08a990f
https://conda.anaconda.org/conda-forge/osx-64/numpy-1.20.1-py37ha9839cc_0.tar.bz2#6e1a96b3966426d0089ba888c6832ff4
https://conda.anaconda.org/conda-forge/osx-64/setuptools-49.6.0-py37hf985489_3.tar.bz2#5030dea82548d67ec8b80882e8e4a099
https://conda.anaconda.org/conda-forge/osx-64/terminado-0.9.2-py37hf985489_0.tar.bz2#dad18ca09ac039309ee0aace6e9010f1
https://conda.anaconda.org/conda-forge/noarch/backports.functools_lru_cache-1.6.1-py_0.tar.bz2#d36df15eaef96549ce6231e3088fba54
https://conda.anaconda.org/conda-forge/noarch/bleach-3.3.0-pyh44b312d_0.tar.bz2#abf6b76c39358ca36ca706c46f054f2a
https://conda.anaconda.org/conda-forge/osx-64/cftime-1.4.1-py37h183f225_0.tar.bz2#d9897f2fbbd0efc48f792b2e13669e02
https://conda.anaconda.org/conda-forge/osx-64/distributed-2021.2.0-py37hf985489_0.tar.bz2#dfe5626a858913c615ae2fd9b2b63ca4
https://conda.anaconda.org/conda-forge/osx-64/importlib_resources-5.1.0-py37hf985489_0.tar.bz2#b2ed5ff6d9795f6ac9b46cde9b289ce0
https://conda.anaconda.org/conda-forge/noarch/isort-5.7.0-pyhd8ed1ab_0.tar.bz2#073e46728e0d9a8722457cbf1c335c14
https://conda.anaconda.org/conda-forge/noarch/jinja2-2.11.3-pyh44b312d_0.tar.bz2#1d4c3605d85a3655b1595e0694138eb6
https://conda.anaconda.org/conda-forge/noarch/jsonschema-3.2.0-py_2.tar.bz2#a17aa962de6145d08e1008cb37c20161
https://conda.anaconda.org/conda-forge/noarch/jupyter-packaging-0.7.12-pyhd8ed1ab_0.tar.bz2#ab2fd67d07b63afe5ea6db6c5f32b5fd
https://conda.anaconda.org/conda-forge/noarch/jupyter_client-6.1.11-pyhd8ed1ab_1.tar.bz2#0fcd80df6d4e0558754c39453ffa3110
https://conda.anaconda.org/conda-forge/osx-64/keyring-22.0.1-py37hf985489_0.tar.bz2#f65e7ab3af6b621f350d163e39e36645
https://conda.anaconda.org/conda-forge/osx-64/matplotlib-base-3.3.4-py37haa7e288_0.tar.bz2#ed41a43c01b1088ec15c5fa7cebfd5bf
https://conda.anaconda.org/conda-forge/osx-64/pandas-1.2.2-py37h7d02bce_0.tar.bz2#47cb87228263fec499761056d15fa977
https://conda.anaconda.org/conda-forge/noarch/pip-21.0.1-pyhd8ed1ab_0.tar.bz2#849477e10d78cbc283c78fd53bfbb567
https://conda.anaconda.org/conda-forge/osx-64/pluggy-0.13.1-py37hf985489_4.tar.bz2#c06bd6917e033778e6c2f1a66dd7e159
https://conda.anaconda.org/conda-forge/osx-64/pybtex-0.24.0-py37hf985489_0.tar.bz2#428f2d66aad6bf74cd35947078995ff4
https://conda.anaconda.org/conda-forge/noarch/pygments-2.8.0-pyhd8ed1ab_0.tar.bz2#226cd14ba0554ca2648fecd11090f473
https://conda.anaconda.org/conda-forge/noarch/pyopenssl-20.0.1-pyhd8ed1ab_0.tar.bz2#92371c25994d0f5d28a01c1fb75ebf86
https://conda.anaconda.org/conda-forge/osx-64/ruamel.yaml-0.16.12-py37hf967b71_2.tar.bz2#c4cb71a668bce6384de9b5f7a282d29b
https://conda.anaconda.org/conda-forge/osx-64/scipy-1.6.0-py37hc22aa43_0.tar.bz2#72c393f99c5752543abb1395121675c2
https://conda.anaconda.org/conda-forge/osx-64/bokeh-2.2.3-py37hf985489_0.tar.bz2#6e96c1c721f06414a3151a8701f537ad
https://conda.anaconda.org/conda-forge/noarch/jupyterlab_pygments-0.1.2-pyh9f0ad1d_0.tar.bz2#2cbd910890bb328e8959246a1e16fac7
https://conda.anaconda.org/conda-forge/osx-64/matplotlib-3.3.4-py37hf985489_0.tar.bz2#e2a971a1ec1ef929cf446bc6c8b9b5e8
https://conda.anaconda.org/conda-forge/noarch/nbformat-5.1.2-pyhd8ed1ab_1.tar.bz2#9633dbb668ac1f9266427672816899dc
https://conda.anaconda.org/conda-forge/osx-64/netcdf4-1.5.6-nompi_py37hf02b566_100.tar.bz2#15717182c85e1585b6b29ea06a740ec8
https://conda.anaconda.org/conda-forge/noarch/pint-0.16.1-py_0.tar.bz2#3a147e648229168687fa22d309faa6fb
https://conda.anaconda.org/conda-forge/noarch/pip-tools-5.5.0-pyhd8ed1ab_0.tar.bz2#8f41a0cc9c5be7a5a7ea01a08ac6d36c
https://conda.anaconda.org/conda-forge/osx-64/pybtex-docutils-1.0.0-py37hf985489_0.tar.bz2#1856fda92e4b22120ae89aca221aab6e
https://conda.anaconda.org/conda-forge/osx-64/pytest-6.2.2-py37hf985489_0.tar.bz2#bb8fd77c28bf999b9003cbdc89660007
https://conda.anaconda.org/conda-forge/noarch/readme_renderer-27.0-pyh9f0ad1d_0.tar.bz2#38446dff7f69efd3fab98ab4dc68c0c8
https://conda.anaconda.org/conda-forge/noarch/urllib3-1.26.3-pyhd8ed1ab_0.tar.bz2#25573e57774dd54cfa848e5dd44503ed
https://conda.anaconda.org/conda-forge/noarch/wcwidth-0.2.5-pyh9f0ad1d_2.tar.bz2#5266fcd697043c59621fda522b3d78ee
https://conda.anaconda.org/conda-forge/noarch/xarray-0.16.2-pyhd8ed1ab_0.tar.bz2#45057a982fbac8e5c5ba5167358d4bbb
https://conda.anaconda.org/conda-forge/noarch/dask-2021.2.0-pyhd8ed1ab_0.tar.bz2#a364d5fd4dc772b336354d78c0de9b20
https://conda.anaconda.org/conda-forge/noarch/nbclient-0.5.2-pyhd8ed1ab_0.tar.bz2#06970c2047dd29a7d320b0a765f9b1e4
https://conda.anaconda.org/conda-forge/noarch/prompt-toolkit-3.0.16-pyha770c72_0.tar.bz2#1a7cec3da4a94cd23d3de4155bff4941
https://conda.anaconda.org/conda-forge/noarch/pytest-forked-1.3.0-pyhd3deb0d_0.tar.bz2#2d103cf417c949e689278a5836c452cb
https://conda.anaconda.org/conda-forge/noarch/pytest-metadata-1.11.0-pyhd3deb0d_0.tar.bz2#2e92f7ccb8d9a03966fc36e3861522ec
https://conda.anaconda.org/conda-forge/noarch/requests-2.25.1-pyhd3deb0d_0.tar.bz2#ae687aba31a1c400192a86a2e993ffdc
https://conda.anaconda.org/conda-forge/noarch/ensureconda-1.4.1-pyhd8ed1ab_0.tar.bz2#52a7f7cc9076e2c8a25e15e19ad42821
https://conda.anaconda.org/conda-forge/osx-64/ipython-7.20.0-py37he01cfaa_2.tar.bz2#93e488723bca21c35bf5573f43f18b01
https://conda.anaconda.org/conda-forge/osx-64/nbconvert-6.0.7-py37hf985489_3.tar.bz2#cbf915c9d112392238f5ecc98555e132
https://conda.anaconda.org/conda-forge/noarch/pytest-json-report-1.2.4-pyh9f0ad1d_0.tar.bz2#83018f154e27bf943a790e533272d092
https://conda.anaconda.org/conda-forge/noarch/pytest-xdist-2.2.1-pyhd8ed1ab_0.tar.bz2#340e7715aee434d2464a97e91ead6cca
https://conda.anaconda.org/conda-forge/noarch/requests-toolbelt-0.9.1-py_0.tar.bz2#402668adee8fcba9a9c265cdc2a88f5a
https://conda.anaconda.org/conda-forge/noarch/sphinx-3.5.1-pyhd8ed1ab_0.tar.bz2#c9740de39c0c595a835da6f8eb6941e1
https://conda.anaconda.org/conda-forge/noarch/conda-lock-0.8.0-pyhd8ed1ab_0.tar.bz2#1258c98fb0bb0b9171b8150e259535b8
https://conda.anaconda.org/conda-forge/osx-64/ipykernel-5.5.0-py37he01cfaa_1.tar.bz2#b10a8e1325fd68f9f436dcd7b18fc1bc
https://conda.anaconda.org/conda-forge/osx-64/jupyter_server-1.4.1-py37hf985489_0.tar.bz2#81c5effcb713aeccaef477ac936d1ec1
https://conda.anaconda.org/conda-forge/noarch/pydata-sphinx-theme-0.4.3-pyhd8ed1ab_0.tar.bz2#6b244842d35eb2c8f85a757cbb17947a
https://conda.anaconda.org/conda-forge/noarch/sphinx-copybutton-0.3.1-pyhd8ed1ab_0.tar.bz2#decad13214a2a545944560eccf4a9815
https://conda.anaconda.org/conda-forge/noarch/sphinx-gallery-0.8.2-pyhd8ed1ab_0.tar.bz2#26210aef2e849fd276e050fb4e9c44e0
https://conda.anaconda.org/conda-forge/noarch/sphinx-panels-0.5.2-pyhd3deb0d_0.tar.bz2#1a871a63c4be1bd47a7aa48b7417a426
https://conda.anaconda.org/conda-forge/noarch/sphinxcontrib-bibtex-1.0.0-py_0.tar.bz2#14eee0167ee00dcea96aead777f229a7
https://conda.anaconda.org/conda-forge/osx-64/twine-3.3.0-py37hf985489_1.tar.bz2#387e304a76714f475b732744795672ca
https://conda.anaconda.org/conda-forge/noarch/jupyterlab_server-2.3.0-pyhd8ed1ab_0.tar.bz2#e1ab43655ba7ede6917e2daa37c7b217
https://conda.anaconda.org/conda-forge/osx-64/notebook-6.2.0-py37hf985489_0.tar.bz2#ea3b665188257fff426848e7d8e5b28b
https://conda.anaconda.org/conda-forge/noarch/nbclassic-0.2.6-pyhd8ed1ab_0.tar.bz2#49be35e31b49012ea91fcd667ebdf4ad
https://conda.anaconda.org/conda-forge/osx-64/widgetsnbextension-3.5.1-py37hf985489_4.tar.bz2#6d710b69d390deed8dbf74c8b60e3f09
https://conda.anaconda.org/conda-forge/noarch/ipywidgets-7.6.3-pyhd3deb0d_0.tar.bz2#536a9ed6d9e740f2b83d1a3c388e4388
https://conda.anaconda.org/conda-forge/noarch/jupyterlab-3.0.9-pyhd8ed1ab_0.tar.bz2#083a50575417a6148ce09133f6d4d63d
