# platform: osx-64
# env_hash: afb6dc6af588e2f3ba54fa7430868913322bd96b6787149bceb94f9e08296c64
@EXPLICIT
https://conda.anaconda.org/conda-forge/osx-64/bzip2-1.0.8-h0d85af4_4.tar.bz2#37edc4e6304ca87316e160f5ca0bd1b5
https://conda.anaconda.org/conda-forge/osx-64/c-ares-1.17.1-h0d85af4_1.tar.bz2#786a1af1bc9194e43bb3a9e1ea0146ed
https://conda.anaconda.org/conda-forge/osx-64/ca-certificates-2021.5.30-h033912b_0.tar.bz2#2377a0c58b5ffe92d70b7bdcd833e8ff
https://conda.anaconda.org/conda-forge/osx-64/jbig-2.1-h0d85af4_2003.tar.bz2#4d76d11d3a256931926099498aa3565b
https://conda.anaconda.org/conda-forge/osx-64/jpeg-9d-hbcb3906_0.tar.bz2#ff6fba028f282f94ceb10597d58a56e8
https://conda.anaconda.org/conda-forge/osx-64/libcxx-12.0.1-habf9029_0.tar.bz2#49c188a7f9c7c9ddabafc80cc5625bb7
https://conda.anaconda.org/conda-forge/osx-64/libdeflate-1.7-h35c211d_5.tar.bz2#6608b6a46fd4555b5c83cda6171cc694
https://conda.anaconda.org/conda-forge/osx-64/libev-4.33-haf1e3a3_1.tar.bz2#79dc2be110b2a3d1e97ec21f691c50ad
https://conda.anaconda.org/conda-forge/osx-64/libsodium-1.0.18-hbcb3906_1.tar.bz2#24632c09ed931af617fe6d5292919cab
https://conda.anaconda.org/conda-forge/osx-64/libwebp-base-1.2.0-h0d85af4_2.tar.bz2#a5d807d5f16967981d45d6f33621f580
https://conda.anaconda.org/conda-forge/osx-64/llvm-openmp-12.0.1-hda6cdc1_0.tar.bz2#2a5ef7d574ef02d7c500e5cddc4bf690
https://conda.anaconda.org/conda-forge/osx-64/ncurses-6.2-h2e338ed_4.tar.bz2#9cef1910395d1543527583e73dba30f1
https://conda.anaconda.org/conda-forge/osx-64/pandoc-2.14.0.3-h0d85af4_0.tar.bz2#dc8476d5d971ee22bb82768352272efa
https://conda.anaconda.org/conda-forge/osx-64/xz-5.2.5-haf1e3a3_1.tar.bz2#41116deb499e9bc58048c297d6403ce6
https://conda.anaconda.org/conda-forge/osx-64/yaml-0.2.5-haf1e3a3_0.tar.bz2#84c2fc186995c25a43e86ed708065572
https://conda.anaconda.org/conda-forge/osx-64/zlib-1.2.11-h7795811_1010.tar.bz2#7d39e47e16ed0107f37c7224d5b5be8b
https://conda.anaconda.org/conda-forge/osx-64/hdf4-4.2.15-hefd3b78_3.tar.bz2#07bbe01a1cabdb9ec0d35524e09f4db4
https://conda.anaconda.org/conda-forge/osx-64/lerc-2.2.1-h046ec9c_0.tar.bz2#2b4abd282f644dc51225fa9b90218567
https://conda.anaconda.org/conda-forge/osx-64/libedit-3.1.20191231-h0678c8f_2.tar.bz2#6016a8a1d0e63cac3de2c352cd40208b
https://conda.anaconda.org/conda-forge/osx-64/libffi-3.3-h046ec9c_2.tar.bz2#c7a196accaf92d40985d5c9b4d14f9cb
https://conda.anaconda.org/conda-forge/osx-64/libgfortran5-9.3.0-h6c81a4c_22.tar.bz2#15c2a786898e345e3865008236d50799
https://conda.anaconda.org/conda-forge/osx-64/libpng-1.6.37-h7cec526_2.tar.bz2#9e52521faba2b53269672628d34e1513
https://conda.anaconda.org/conda-forge/osx-64/lz4-c-1.9.3-h046ec9c_0.tar.bz2#7f13d69c1b7989b85029efb6f3e35af9
https://conda.anaconda.org/conda-forge/osx-64/openssl-1.1.1k-h0d85af4_0.tar.bz2#f9582eb16f4e3bc7932995e122f30a74
https://conda.anaconda.org/conda-forge/osx-64/readline-8.1-h05e3726_0.tar.bz2#2832e9b6a7caa7cb192fcda6cfcd8871
https://conda.anaconda.org/conda-forge/osx-64/tk-8.6.10-h0419947_1.tar.bz2#9a79a432473acddd936ff8bab8b86145
https://conda.anaconda.org/conda-forge/osx-64/zeromq-4.3.4-h1c7c35f_0.tar.bz2#2af55e3523e9210b2b2dff5855fb5382
https://conda.anaconda.org/conda-forge/osx-64/freetype-2.10.4-h4cff582_1.tar.bz2#5a136a432c6062362cd7990c514bd8d6
https://conda.anaconda.org/conda-forge/osx-64/krb5-1.19.1-hcfbf3a7_0.tar.bz2#fed1a9dde05f55e11a5b22b3e07cd72b
https://conda.anaconda.org/conda-forge/osx-64/libgfortran-5.0.0-9_3_0_h6c81a4c_22.tar.bz2#2a96d438e9b3b5ece940211a4259d3e3
https://conda.anaconda.org/conda-forge/osx-64/libnghttp2-1.43.0-h07e645a_0.tar.bz2#b4a9c405d47f3b120ed6cf86cc8a13aa
https://conda.anaconda.org/conda-forge/osx-64/libssh2-1.9.0-h52ee1ee_6.tar.bz2#42cebefd1fd127d1180e3df004a413b7
https://conda.anaconda.org/conda-forge/osx-64/libzip-1.8.0-h8b0c345_0.tar.bz2#44af334af2ef220c4ab83b69878b9c8e
https://conda.anaconda.org/conda-forge/osx-64/sqlite-3.36.0-h23a322b_0.tar.bz2#6b6f868ab26da23c5a9b518799de901a
https://conda.anaconda.org/conda-forge/osx-64/zstd-1.5.0-h582d3a0_0.tar.bz2#96a04eeb0146059f0c2d63491f77d6d0
https://conda.anaconda.org/conda-forge/osx-64/libcurl-7.77.0-hf45b732_0.tar.bz2#e37c0b30ad5c633cae6464040655acd1
https://conda.anaconda.org/conda-forge/osx-64/libopenblas-0.3.15-openmp_h5e1b9a4_1.tar.bz2#df1dd059a5754ae66b26755d9edd3037
https://conda.anaconda.org/conda-forge/osx-64/libtiff-4.3.0-h1167814_1.tar.bz2#f189eeda45133c4f5cd73a8e7ebb7019
https://conda.anaconda.org/conda-forge/osx-64/python-3.7.10-h7728216_100_cpython.tar.bz2#ba448dbd4b06c0776981a37a09786f1a
https://conda.anaconda.org/eradiate/noarch/aabbtree-2.8.0-py_0.tar.bz2#647bcce5f0af4974e507591d5420486b
https://conda.anaconda.org/conda-forge/noarch/alabaster-0.7.12-py_0.tar.bz2#2489a97287f90176ecdc3ca982b4b0a0
https://conda.anaconda.org/conda-forge/noarch/appdirs-1.4.4-pyh9f0ad1d_0.tar.bz2#5f095bc6454094e96f146491fd03633b
https://conda.anaconda.org/conda-forge/noarch/async_generator-1.10-py_0.tar.bz2#d56c596e61b1c4952acf0a9920856c12
https://conda.anaconda.org/conda-forge/noarch/attrs-21.2.0-pyhd8ed1ab_0.tar.bz2#d2e1c7f388ac403df7079b411c37cc50
https://conda.anaconda.org/conda-forge/noarch/backcall-0.2.0-pyh9f0ad1d_0.tar.bz2#6006a6d08a3fa99268a2681c7fb55213
https://conda.anaconda.org/conda-forge/noarch/backports-1.0-py_2.tar.bz2#0da16b293affa6ac31812376f8eb79dd
https://conda.anaconda.org/conda-forge/noarch/bump2version-1.0.1-pyh9f0ad1d_0.tar.bz2#1b3fd56f54baa99e3c9967caf279f66f
https://conda.anaconda.org/conda-forge/noarch/cerberus-1.3.2-py_0.tar.bz2#d124feeefccd6bc48fca37bf96d4fd3c
https://conda.anaconda.org/conda-forge/noarch/charset-normalizer-2.0.0-pyhd8ed1ab_0.tar.bz2#4a57e24d5b759893615c05926b7b5fb9
https://conda.anaconda.org/conda-forge/noarch/cloudpickle-1.6.0-py_0.tar.bz2#76d764d8881719e305f6fa368dc2b65e
https://conda.anaconda.org/conda-forge/noarch/colorama-0.4.4-pyh9f0ad1d_0.tar.bz2#c08b4c1326b880ed44f3ffb04803332f
https://conda.anaconda.org/conda-forge/osx-64/curl-7.77.0-hb861fe1_0.tar.bz2#bef6ebb9f95587e79e0cc281188e45c3
https://conda.anaconda.org/conda-forge/noarch/dataclasses-0.8-pyhc8e2a94_1.tar.bz2#28e0de0ecba81334619a777fdc00febc
https://conda.anaconda.org/conda-forge/noarch/decorator-5.0.9-pyhd8ed1ab_0.tar.bz2#0ae9cca42e37b5ce6267c2a2b1383546
https://conda.anaconda.org/conda-forge/noarch/defusedxml-0.7.1-pyhd8ed1ab_0.tar.bz2#961b3a227b437d82ad7054484cfa71b2
https://conda.anaconda.org/conda-forge/noarch/entrypoints-0.3-pyhd8ed1ab_1003.tar.bz2#bbf9a201f6ce99a506f4955374d9a9f4
https://conda.anaconda.org/conda-forge/noarch/execnet-1.9.0-pyhd8ed1ab_0.tar.bz2#0e521f7a5e60d508b121d38b04874fb2
https://conda.anaconda.org/conda-forge/noarch/filelock-3.0.12-pyh9f0ad1d_0.tar.bz2#7544ed05bbbe9bb687bc9bcbe4d6cb46
https://conda.anaconda.org/conda-forge/noarch/fsspec-2021.7.0-pyhd8ed1ab_0.tar.bz2#84fdd43802084b7c414db36b33538ea3
https://conda.anaconda.org/conda-forge/osx-64/hdf5-1.10.6-nompi_hc5d9132_1114.tar.bz2#b7f592b79c2c97646a6c7f874b0db33a
https://conda.anaconda.org/conda-forge/noarch/heapdict-1.0.1-py_0.tar.bz2#77242bfb1e74a627fb06319b5a2d3b95
https://conda.anaconda.org/conda-forge/noarch/idna-3.1-pyhd3deb0d_0.tar.bz2#9c9aea4b8391264477df484f798562d0
https://conda.anaconda.org/conda-forge/noarch/imagesize-1.2.0-py_0.tar.bz2#5879bd2c4b399a5072468e5fe587bf1b
https://conda.anaconda.org/conda-forge/noarch/iniconfig-1.1.1-pyh9f0ad1d_0.tar.bz2#39161f81cc5e5ca45b8226fbb06c6905
https://conda.anaconda.org/conda-forge/noarch/ipython_genutils-0.2.0-py_1.tar.bz2#5071c982548b3a20caf70462f04f5287
https://conda.anaconda.org/conda-forge/noarch/json5-0.9.5-pyh9f0ad1d_0.tar.bz2#10759827a94e6b14996e81fb002c0bda
https://conda.anaconda.org/conda-forge/noarch/jupyterlab_widgets-1.0.0-pyhd8ed1ab_1.tar.bz2#f8da92114c8fbe1d951b0efaf54dd14b
https://conda.anaconda.org/conda-forge/osx-64/lcms2-2.12-h577c468_0.tar.bz2#abce77b852b73670e85e104746b0ea1b
https://conda.anaconda.org/conda-forge/osx-64/libblas-3.9.0-9_openblas.tar.bz2#18bd6d171a80f1fefbad09cfda003840
https://conda.anaconda.org/conda-forge/noarch/locket-0.2.0-py_2.tar.bz2#709e8671651c7ec3d1ad07800339ff1d
https://conda.anaconda.org/conda-forge/noarch/more-itertools-8.8.0-pyhd8ed1ab_0.tar.bz2#af8d3837f18d331839368bcb9f8cd3d9
https://conda.anaconda.org/conda-forge/noarch/nest-asyncio-1.5.1-pyhd8ed1ab_0.tar.bz2#47a51a5b8f9cc41004c8d7bd88b62447
https://conda.anaconda.org/conda-forge/noarch/olefile-0.46-pyh9f0ad1d_1.tar.bz2#0b2e68acc8c78c8cc392b90983481f58
https://conda.anaconda.org/conda-forge/osx-64/openjpeg-2.4.0-h6e7aa92_1.tar.bz2#c8cbb6d99f6467246ac26a139256e50f
https://conda.anaconda.org/conda-forge/noarch/pandocfilters-1.4.2-py_1.tar.bz2#ba6f4a308f1ea22abe1d72e72544af76
https://conda.anaconda.org/conda-forge/noarch/parso-0.8.2-pyhd8ed1ab_0.tar.bz2#fb40b157bd62b457a1cc82527b63f0b0
https://conda.anaconda.org/conda-forge/noarch/pathspec-0.9.0-pyhd8ed1ab_0.tar.bz2#f93dc0ccbc0a8472624165f6e256c7d1
https://conda.anaconda.org/conda-forge/noarch/pdfrw-0.4-pyhd8ed1ab_2.tar.bz2#6eef20dad3a9ef16fe90cc703b453c7f
https://conda.anaconda.org/conda-forge/noarch/pickleshare-0.7.5-py_1003.tar.bz2#415f0ebb6198cc2801c73438a9fb5761
https://conda.anaconda.org/conda-forge/noarch/pkginfo-1.7.1-pyhd8ed1ab_0.tar.bz2#047d027698acbaa862e19f10b7b3755f
https://conda.anaconda.org/conda-forge/noarch/prometheus_client-0.11.0-pyhd8ed1ab_0.tar.bz2#01f530bf82d9f589c2087b8c347d5e29
https://conda.anaconda.org/conda-forge/noarch/ptyprocess-0.7.0-pyhd3deb0d_0.tar.bz2#359eeb6536da0e687af562ed265ec263
https://conda.anaconda.org/conda-forge/noarch/py-1.10.0-pyhd3deb0d_0.tar.bz2#88ca1328ecc79a070214aa24911bace8
https://conda.anaconda.org/conda-forge/noarch/pycparser-2.20-pyh9f0ad1d_2.tar.bz2#aa798d50ffd182a0f6f31478c7f434f6
https://conda.anaconda.org/conda-forge/noarch/pyparsing-2.4.7-pyh9f0ad1d_0.tar.bz2#626c4f20d5bf06dcec9cf2eaa31725c7
https://conda.anaconda.org/conda-forge/osx-64/python_abi-3.7-2_cp37m.tar.bz2#4b564389f52917cfe8fbc537284d42e6
https://conda.anaconda.org/conda-forge/noarch/pytz-2021.1-pyhd8ed1ab_0.tar.bz2#3af2e9424d5eb0063824a3f9b850d411
https://conda.anaconda.org/conda-forge/noarch/rfc3986-1.5.0-pyhd8ed1ab_0.tar.bz2#ee18e8644b953e8900282b2ef2a8c5a1
https://conda.anaconda.org/conda-forge/noarch/send2trash-1.7.1-pyhd8ed1ab_0.tar.bz2#10c92e8e5c7ca439d11bec031ff17db3
https://conda.anaconda.org/conda-forge/noarch/six-1.16.0-pyh6c4a22f_0.tar.bz2#e5f25f8dbc060e9a8d912e432202afc2
https://conda.anaconda.org/conda-forge/noarch/smartypants-2.0.1-pyhd8ed1ab_0.tar.bz2#38f9ad191135d5d27907739154c6b6dd
https://conda.anaconda.org/conda-forge/noarch/snowballstemmer-2.1.0-pyhd8ed1ab_0.tar.bz2#f1d64c0cf0eedf655a96ccdc1573c05a
https://conda.anaconda.org/conda-forge/noarch/sortedcontainers-2.4.0-pyhd8ed1ab_0.tar.bz2#6d6552722448103793743dabfbda532d
https://conda.anaconda.org/conda-forge/noarch/soupsieve-2.0.1-py_1.tar.bz2#aa1db70848c19bace567ba39a157f508
https://conda.anaconda.org/conda-forge/noarch/sphinxcontrib-applehelp-1.0.2-py_0.tar.bz2#20b2eaeaeea4ef9a9a0d99770620fd09
https://conda.anaconda.org/conda-forge/noarch/sphinxcontrib-devhelp-1.0.2-py_0.tar.bz2#68e01cac9d38d0e717cd5c87bc3d2cc9
https://conda.anaconda.org/conda-forge/noarch/sphinxcontrib-htmlhelp-2.0.0-pyhd8ed1ab_0.tar.bz2#77dad82eb9c8c1525ff7953e0756d708
https://conda.anaconda.org/conda-forge/noarch/sphinxcontrib-jsmath-1.0.1-py_0.tar.bz2#67cd9d9c0382d37479b4d306c369a2d4
https://conda.anaconda.org/conda-forge/noarch/sphinxcontrib-qthelp-1.0.3-py_0.tar.bz2#d01180388e6d1838c3e1ad029590aa7a
https://conda.anaconda.org/conda-forge/noarch/sphinxcontrib-serializinghtml-1.1.5-pyhd8ed1ab_0.tar.bz2#60e630285f44af05767dcb7f473ee03f
https://conda.anaconda.org/conda-forge/noarch/tabulate-0.8.9-pyhd8ed1ab_0.tar.bz2#ee657dbe69e892aeccde7cabb4edf261
https://conda.anaconda.org/conda-forge/noarch/tblib-1.7.0-pyhd8ed1ab_0.tar.bz2#3d4afc31302aa7be471feb6be048ed76
https://conda.anaconda.org/conda-forge/noarch/testpath-0.5.0-pyhd8ed1ab_0.tar.bz2#53b57d6a468bebc7cef1253b177a5e9e
https://conda.anaconda.org/conda-forge/noarch/tinydb-4.4.0-pyh44b312d_0.tar.bz2#7eae4c65984fa669f9f2bf36721caf97
https://conda.anaconda.org/conda-forge/noarch/toml-0.10.2-pyhd8ed1ab_0.tar.bz2#f832c45a477c78bebd107098db465095
https://conda.anaconda.org/conda-forge/noarch/toolz-0.11.1-py_0.tar.bz2#d1e66b58cb00b3817ad9f05eec098c00
https://conda.anaconda.org/conda-forge/noarch/tqdm-4.61.2-pyhd8ed1ab_1.tar.bz2#1e15833dccfc75d1474a68b6c06efea8
https://conda.anaconda.org/conda-forge/noarch/typing_extensions-3.10.0.0-pyha770c72_0.tar.bz2#67c0cba6533b641f28946d7c16f361c8
https://conda.anaconda.org/conda-forge/noarch/webencodings-0.5.1-py_1.tar.bz2#3563be4c5611a44210d9ba0c16113136
https://conda.anaconda.org/conda-forge/noarch/wheel-0.36.2-pyhd3deb0d_0.tar.bz2#768bfbe026426d0e76b377997d1f2b98
https://conda.anaconda.org/conda-forge/noarch/zipp-3.5.0-pyhd8ed1ab_0.tar.bz2#f9dd05a5ed6b81c91f097e3739107a74
https://conda.anaconda.org/conda-forge/osx-64/appnope-0.1.2-py37hf985489_1.tar.bz2#1bee6125d3ade317803d5358ea3f0e83
https://conda.anaconda.org/conda-forge/noarch/babel-2.9.1-pyh44b312d_0.tar.bz2#74136ed39bfea0832d338df1e58d013e
https://conda.anaconda.org/conda-forge/noarch/beautifulsoup4-4.9.3-pyhb0f4dca_0.tar.bz2#d243a293d7303ab6195d96ce8c16b1cb
https://conda.anaconda.org/conda-forge/osx-64/certifi-2021.5.30-py37hf985489_0.tar.bz2#0be45059d18a95220573963524676b1a
https://conda.anaconda.org/conda-forge/osx-64/cffi-1.14.6-py37hda351d9_0.tar.bz2#27b1ccef3c0b21a69b607a0503ae3c71
https://conda.anaconda.org/conda-forge/osx-64/chardet-4.0.0-py37hf985489_1.tar.bz2#212f48113f4aa416eb58404fbece967b
https://conda.anaconda.org/conda-forge/osx-64/coverage-5.5-py37h271585c_0.tar.bz2#201c87c73c558a823cd133beaa5dfdce
https://conda.anaconda.org/conda-forge/noarch/cycler-0.10.0-py_2.tar.bz2#f6d7c7e6d8f42cbbec7e07a8d879f91c
https://conda.anaconda.org/conda-forge/osx-64/cytoolz-0.11.0-py37h271585c_3.tar.bz2#4c5542b4ece2bbe20eefae2b431c4105
https://conda.anaconda.org/eradiate/noarch/dessinemoi-21.3.0-py_0.tar.bz2#194517a911f7853a72209b0da4607b08
https://conda.anaconda.org/conda-forge/osx-64/docutils-0.16-py37hf985489_3.tar.bz2#dca030e3fb4289970f4722741bfe009b
https://conda.anaconda.org/conda-forge/noarch/environ-config-21.2.0-pyhd8ed1ab_0.tar.bz2#61e53d6eb24342f9440040a590909e85
https://conda.anaconda.org/conda-forge/osx-64/future-0.18.2-py37hf985489_3.tar.bz2#5137794442657f0dbafb035a31627fc6
https://conda.anaconda.org/conda-forge/osx-64/importlib-metadata-4.6.1-py37hf985489_0.tar.bz2#046af4f37d5977e696d970a64dfbaa26
https://conda.anaconda.org/conda-forge/noarch/importlib_resources-5.2.0-pyhd8ed1ab_0.tar.bz2#c7ad73d447abf2ca167aa365dd188d40
https://conda.anaconda.org/conda-forge/osx-64/jedi-0.18.0-py37hf985489_2.tar.bz2#8cf41e3992c9d1ae8549dfaf03d4bc14
https://conda.anaconda.org/conda-forge/osx-64/kiwisolver-1.3.1-py37h737db71_1.tar.bz2#9f21eaa3eff1f10def66b7d91d6fee7a
https://conda.anaconda.org/conda-forge/noarch/latexcodec-2.0.1-pyh9f0ad1d_0.tar.bz2#8d67904973263afd2985ba56aa2d6bb4
https://conda.anaconda.org/conda-forge/osx-64/libcblas-3.9.0-9_openblas.tar.bz2#29ce1ba7a9eb9aff4f65fa9e63d89c81
https://conda.anaconda.org/conda-forge/osx-64/liblapack-3.9.0-9_openblas.tar.bz2#4864f19fafd76c5ac7771f4942682bc1
https://conda.anaconda.org/conda-forge/osx-64/libnetcdf-4.8.0-nompi_hb4d10b0_103.tar.bz2#46aaba1e7132caaf47d6c0061a2be026
https://conda.anaconda.org/conda-forge/osx-64/markupsafe-2.0.1-py37h271585c_0.tar.bz2#e3488847e5c3bba390401e73a820a0d6
https://conda.anaconda.org/conda-forge/osx-64/mistune-0.8.4-py37h271585c_1004.tar.bz2#5d4658291ea2b8afb0382857cd60c409
https://conda.anaconda.org/conda-forge/osx-64/mock-4.0.3-py37hf985489_1.tar.bz2#8f508d1aa0796bbd9aed3d4dcbc179d7
https://conda.anaconda.org/conda-forge/osx-64/msgpack-python-1.0.2-py37h737db71_1.tar.bz2#b7da8e9304a7cec19336ecd7a5101cdc
https://conda.anaconda.org/conda-forge/osx-64/mypy_extensions-0.4.3-py37hf985489_3.tar.bz2#818d88fe5b710f7ac3a74fa9b1342413
https://conda.anaconda.org/conda-forge/noarch/packaging-21.0-pyhd8ed1ab_0.tar.bz2#45cfb8e482b5cce8f07c87e0e19a592c
https://conda.anaconda.org/conda-forge/noarch/partd-1.2.0-pyhd8ed1ab_0.tar.bz2#0c32f563d7f22e3a34c95cad8cc95651
https://conda.anaconda.org/conda-forge/noarch/pexpect-4.8.0-pyh9f0ad1d_2.tar.bz2#5909e7b978141dd80d28dbf9de627827
https://conda.anaconda.org/conda-forge/osx-64/pillow-8.3.1-py37h76dc067_0.tar.bz2#96a420639586a02a988d1ac17344c976
https://conda.anaconda.org/conda-forge/osx-64/psutil-5.8.0-py37h271585c_1.tar.bz2#35d263c1450238f58a6f25a779762cf8
https://conda.anaconda.org/conda-forge/osx-64/pyrsistent-0.17.3-py37h271585c_2.tar.bz2#517d0f4408cdbfff73b684acd8f383ec
https://conda.anaconda.org/conda-forge/osx-64/pysocks-1.7.1-py37hf985489_3.tar.bz2#02bf224638f91b6b695fec5de6bbd860
https://conda.anaconda.org/conda-forge/noarch/python-dateutil-2.8.2-pyhd8ed1ab_0.tar.bz2#dd999d1cc9f79e67dbb855c8924c7984
https://conda.anaconda.org/conda-forge/osx-64/pyyaml-5.4.1-py37hf967b71_0.tar.bz2#3c96ec4a68120ccee37cda33192381a0
https://conda.anaconda.org/conda-forge/osx-64/pyzmq-22.1.0-py37h8f778e5_0.tar.bz2#ec3b55d40d93cfa60ce036c32635aea6
https://conda.anaconda.org/conda-forge/osx-64/regex-2021.7.6-py37h271585c_0.tar.bz2#7a11c820a88c9bf1dd063aa837c79474
https://conda.anaconda.org/conda-forge/osx-64/ruamel.yaml.clib-0.2.2-py37hf967b71_2.tar.bz2#bcac3469e98db6148891d5bbf3595648
https://conda.anaconda.org/conda-forge/osx-64/sniffio-1.2.0-py37hf985489_1.tar.bz2#d2624002903acd9b87e73b436b18c7fe
https://conda.anaconda.org/conda-forge/osx-64/tomlkit-0.7.2-py37hf985489_0.tar.bz2#38f5e99fb98269ef335bed55c56fa574
https://conda.anaconda.org/conda-forge/osx-64/tornado-6.1-py37h271585c_1.tar.bz2#f4f12c1487879c702e2dcf02de36aaac
https://conda.anaconda.org/conda-forge/noarch/traitlets-5.0.5-py_0.tar.bz2#99618ee9ab1323e40f231acdab92fe60
https://conda.anaconda.org/conda-forge/osx-64/typed-ast-1.4.3-py37h271585c_0.tar.bz2#cbe9d0ad3c624c57ae84f674c932af46
https://conda.anaconda.org/conda-forge/osx-64/websocket-client-0.57.0-py37hf985489_4.tar.bz2#b8d9e2ad187b18d0abd25441db9f4ac9
https://conda.anaconda.org/conda-forge/noarch/zict-2.0.0-py_0.tar.bz2#4750152be22f24d695b3004c5e1712d3
https://conda.anaconda.org/conda-forge/osx-64/anyio-3.2.1-py37hf985489_0.tar.bz2#6fb4fba7aac7d19a9f0cbf0860fd642f
https://conda.anaconda.org/conda-forge/osx-64/argon2-cffi-20.1.0-py37h271585c_2.tar.bz2#94c660be4d18f5038af33d65f6e4b13b
https://conda.anaconda.org/conda-forge/osx-64/brotlipy-0.7.0-py37h271585c_1001.tar.bz2#5c1d243f053931c9be18a1ca0aec419e
https://conda.anaconda.org/conda-forge/osx-64/click-8.0.1-py37hf985489_0.tar.bz2#64463aca7af971ba20b274b25fd4aea7
https://conda.anaconda.org/conda-forge/osx-64/cmarkgfm-0.6.0-py37h271585c_0.tar.bz2#28b002a6a6912b63b319a6b8bf6b6e74
https://conda.anaconda.org/conda-forge/noarch/commonmark-0.9.1-py_0.tar.bz2#6aa0173c14befcd577ded130cf6f22f5
https://conda.anaconda.org/conda-forge/osx-64/cryptography-3.4.7-py37hce4a858_0.tar.bz2#3d8dba99e6bba580b947da6daf8b1d94
https://conda.anaconda.org/conda-forge/noarch/dask-core-2021.7.0-pyhd8ed1ab_0.tar.bz2#6d5a65de117d7c01079df5b258f411c4
https://conda.anaconda.org/conda-forge/noarch/importlib_metadata-4.6.1-hd8ed1ab_0.tar.bz2#d5ff9abb27ab799d4a730e86aa0c5aeb
https://conda.anaconda.org/conda-forge/noarch/jinja2-3.0.1-pyhd8ed1ab_0.tar.bz2#c647e77921fd3e245cdcc5b2d451a0f8
https://conda.anaconda.org/conda-forge/osx-64/jupyter_core-4.7.1-py37hf985489_0.tar.bz2#a49ae78b4a221744cca02dfed08a990f
https://conda.anaconda.org/conda-forge/noarch/matplotlib-inline-0.1.2-pyhd8ed1ab_2.tar.bz2#0967e1db58b16e416464ca399f87df79
https://conda.anaconda.org/conda-forge/osx-64/numpy-1.21.1-py37h84c02c4_0.tar.bz2#f4b532c104dd52ce70f2db4ec7a0e389
https://conda.anaconda.org/conda-forge/osx-64/pep517-0.10.0-py37hf985489_0.tar.bz2#95432cd0a4870f65412b0e880fa68ace
https://conda.anaconda.org/conda-forge/osx-64/reportlab-3.5.68-py37h08983f2_0.tar.bz2#08398d53ef0f27f9617d0a72fa6f1f83
https://conda.anaconda.org/conda-forge/osx-64/setuptools-49.6.0-py37hf985489_3.tar.bz2#5030dea82548d67ec8b80882e8e4a099
https://conda.anaconda.org/conda-forge/osx-64/terminado-0.10.1-py37hf985489_0.tar.bz2#bb39a6064c6503dafa3268f7721e072c
https://conda.anaconda.org/conda-forge/noarch/tomli-1.0.4-pyhd8ed1ab_0.tar.bz2#cb9918c78e1da734f9bbf5de5b8a0acd
https://conda.anaconda.org/conda-forge/noarch/backports.functools_lru_cache-1.6.4-pyhd8ed1ab_0.tar.bz2#c5b3edc62d6309088f4970b3eaaa65a6
https://conda.anaconda.org/conda-forge/noarch/black-21.7b0-pyhd8ed1ab_0.tar.bz2#48f2030aa3fcd4652046d49f354085b7
https://conda.anaconda.org/conda-forge/noarch/bleach-3.3.1-pyhd8ed1ab_0.tar.bz2#41c16b233ae28fa75019842836b55254
https://conda.anaconda.org/conda-forge/osx-64/bokeh-2.3.3-py37hf985489_0.tar.bz2#5377cd59edab992c46f640e09f2c49d1
https://conda.anaconda.org/conda-forge/osx-64/cftime-1.5.0-py37h238668a_0.tar.bz2#a45f6d03b65a9102279b3941aecb71ef
https://conda.anaconda.org/conda-forge/noarch/click-default-group-1.2.2-pyhd8ed1ab_1.tar.bz2#72a46ffc25701c173932fd55cf0965d3
https://conda.anaconda.org/conda-forge/osx-64/distributed-2021.7.0-py37hf985489_0.tar.bz2#534696d93f93f27d30b703e0296ef53a
https://conda.anaconda.org/conda-forge/noarch/isort-5.9.2-pyhd8ed1ab_0.tar.bz2#07da10685f7525681832cbae3a983c2f
https://conda.anaconda.org/conda-forge/noarch/jsonschema-3.2.0-pyhd8ed1ab_3.tar.bz2#66125e28711d8ffc04a207a2b170316d
https://conda.anaconda.org/conda-forge/noarch/jupyter_client-6.1.12-pyhd8ed1ab_0.tar.bz2#f58b38ddb9f94fa3cafea4ba2b17f93b
https://conda.anaconda.org/conda-forge/osx-64/keyring-23.0.1-py37hf985489_0.tar.bz2#b0a6baaa273ec8d248e2e4a29a407c56
https://conda.anaconda.org/conda-forge/osx-64/matplotlib-base-3.4.2-py37hb018525_0.tar.bz2#fdf1cc07ec60ccade0511aeb083bcf41
https://conda.anaconda.org/conda-forge/osx-64/pandas-1.3.0-py37hb23ed4d_0.tar.bz2#67398a2afb9c400ca87da68b2ac862f6
https://conda.anaconda.org/conda-forge/noarch/pint-0.17-pyhd8ed1ab_0.tar.bz2#7a334c0cd901ae380ab30285ad2a4b8a
https://conda.anaconda.org/conda-forge/noarch/pip-21.1.3-pyhd8ed1ab_0.tar.bz2#231bd0af116f55ca4d17ea0869415fdf
https://conda.anaconda.org/conda-forge/osx-64/pluggy-0.13.1-py37hf985489_4.tar.bz2#c06bd6917e033778e6c2f1a66dd7e159
https://conda.anaconda.org/conda-forge/osx-64/pybtex-0.24.0-py37hf985489_0.tar.bz2#428f2d66aad6bf74cd35947078995ff4
https://conda.anaconda.org/conda-forge/noarch/pygments-2.9.0-pyhd8ed1ab_0.tar.bz2#a2d9bba43c9b80a42b0ccb9afd7223c2
https://conda.anaconda.org/conda-forge/noarch/pyopenssl-20.0.1-pyhd8ed1ab_0.tar.bz2#92371c25994d0f5d28a01c1fb75ebf86
https://conda.anaconda.org/conda-forge/osx-64/ruamel.yaml-0.17.10-py37h271585c_0.tar.bz2#f199c7a424cd15743132971a0268061b
https://conda.anaconda.org/conda-forge/osx-64/scipy-1.7.0-py37h866764c_1.tar.bz2#145a79998d69f2d35d4c66176c2b128e
https://conda.anaconda.org/conda-forge/noarch/dask-2021.7.0-pyhd8ed1ab_0.tar.bz2#fd786e1160db45a20d66992d8e1833d3
https://conda.anaconda.org/conda-forge/noarch/iapws-1.5.2-pyh9f0ad1d_0.tar.bz2#3aa31b761bc6aa3acc0d6d01e0bf2e01
https://conda.anaconda.org/conda-forge/noarch/jupyterlab_pygments-0.1.2-pyh9f0ad1d_0.tar.bz2#2cbd910890bb328e8959246a1e16fac7
https://conda.anaconda.org/conda-forge/osx-64/matplotlib-3.4.2-py37hf985489_0.tar.bz2#37b1833a741e6b0150876bf0d9be8c3a
https://conda.anaconda.org/conda-forge/noarch/nbformat-5.1.3-pyhd8ed1ab_0.tar.bz2#bafa5df6d4f8db69a4d197b4657127e7
https://conda.anaconda.org/conda-forge/osx-64/netcdf4-1.5.7-nompi_py37h75b5d8a_100.tar.bz2#8d4fbd7a1df8b286fb2b924bb7191191
https://conda.anaconda.org/eradiate/noarch/pinttrs-21.2.0-py_0.tar.bz2#1c703b8109b8700b259d992d2613a0f1
https://conda.anaconda.org/conda-forge/noarch/pip-tools-6.2.0-pyhd8ed1ab_0.tar.bz2#a68a8229249d59e1ee2a4d95c624d565
https://conda.anaconda.org/conda-forge/osx-64/pybtex-docutils-1.0.0-py37hf985489_0.tar.bz2#1856fda92e4b22120ae89aca221aab6e
https://conda.anaconda.org/conda-forge/osx-64/pytest-6.2.4-py37hf985489_0.tar.bz2#d288fd568f143deb76b8dcd5f905fe1c
https://conda.anaconda.org/conda-forge/noarch/readme_renderer-27.0-pyh9f0ad1d_0.tar.bz2#38446dff7f69efd3fab98ab4dc68c0c8
https://conda.anaconda.org/conda-forge/osx-64/rich-10.6.0-py37hf985489_0.tar.bz2#e7323736f34ab17002daf44c68e72f8e
https://conda.anaconda.org/conda-forge/noarch/rst2pdf-0.98-pyh9f0ad1d_0.tar.bz2#1b895acb39f0ddcc83dcf1607ca69003
https://conda.anaconda.org/conda-forge/noarch/urllib3-1.26.6-pyhd8ed1ab_0.tar.bz2#dea5b6d93cfbfbc2a253168ad05b3f89
https://conda.anaconda.org/conda-forge/noarch/wcwidth-0.2.5-pyh9f0ad1d_2.tar.bz2#5266fcd697043c59621fda522b3d78ee
https://conda.anaconda.org/conda-forge/noarch/xarray-0.18.2-pyhd8ed1ab_0.tar.bz2#379c1f2f90ff675742426373a81e5552
https://conda.anaconda.org/conda-forge/noarch/nbclient-0.5.3-pyhd8ed1ab_0.tar.bz2#67f12831640fde52fe9be1bbc6b699e7
https://conda.anaconda.org/conda-forge/noarch/prompt-toolkit-3.0.19-pyha770c72_0.tar.bz2#d6db5e598611b7e81a3d38498174e6e8
https://conda.anaconda.org/conda-forge/noarch/pytest-forked-1.3.0-pyhd3deb0d_0.tar.bz2#2d103cf417c949e689278a5836c452cb
https://conda.anaconda.org/conda-forge/noarch/pytest-metadata-1.11.0-pyhd3deb0d_0.tar.bz2#2e92f7ccb8d9a03966fc36e3861522ec
https://conda.anaconda.org/conda-forge/noarch/requests-2.26.0-pyhd8ed1ab_0.tar.bz2#0ed2ccbde6db9dd5789068eb7194463f
https://conda.anaconda.org/conda-forge/noarch/ensureconda-1.4.1-pyhd8ed1ab_0.tar.bz2#52a7f7cc9076e2c8a25e15e19ad42821
https://conda.anaconda.org/conda-forge/osx-64/ipython-7.25.0-py37h85f7c60_1.tar.bz2#c906eb28db0806a1add13481c1950372
https://conda.anaconda.org/conda-forge/osx-64/nbconvert-6.1.0-py37hf985489_0.tar.bz2#3ea1d27528aff2bcd3c5d3096e55a45e
https://conda.anaconda.org/conda-forge/noarch/pytest-json-report-1.2.4-pyh9f0ad1d_0.tar.bz2#83018f154e27bf943a790e533272d092
https://conda.anaconda.org/conda-forge/noarch/pytest-xdist-2.3.0-pyhd8ed1ab_0.tar.bz2#502c63e9f0f1ab5312a69354cb17a483
https://conda.anaconda.org/conda-forge/noarch/requests-toolbelt-0.9.1-py_0.tar.bz2#402668adee8fcba9a9c265cdc2a88f5a
https://conda.anaconda.org/conda-forge/noarch/requests-unixsocket-0.2.0-py_0.tar.bz2#1e94a233d2f2c81b2bf11bd43a515fbe
https://conda.anaconda.org/conda-forge/noarch/sphinx-3.5.4-pyh44b312d_0.tar.bz2#0ebc444f001f73c4f6de01057b0be392
https://conda.anaconda.org/conda-forge/noarch/conda-lock-0.11.0-pyhd8ed1ab_0.tar.bz2#46795e954c5391a7b049e2d9f2a99407
https://conda.anaconda.org/conda-forge/osx-64/ipykernel-5.5.5-py37h85f7c60_0.tar.bz2#dd29ff835f136f28531c098a182aa453
https://conda.anaconda.org/conda-forge/noarch/jupyter_server-1.9.0-pyhd8ed1ab_0.tar.bz2#dbd1bf29ba9a37b5c20a1ca4273fa1e3
https://conda.anaconda.org/conda-forge/noarch/pydata-sphinx-theme-0.6.3-pyhd8ed1ab_0.tar.bz2#a84900edc6e963d1cb448488bc06086b
https://conda.anaconda.org/conda-forge/noarch/sphinx-copybutton-0.4.0-pyhd8ed1ab_0.tar.bz2#80fd2cc25ad45911b4e42d5b91593e2f
https://conda.anaconda.org/conda-forge/noarch/sphinx-gallery-0.9.0-pyhd8ed1ab_0.tar.bz2#5ef222a3e1b5904742e376e05046692b
https://conda.anaconda.org/conda-forge/noarch/sphinx-panels-0.5.2-pyhd3deb0d_0.tar.bz2#1a871a63c4be1bd47a7aa48b7417a426
https://conda.anaconda.org/conda-forge/noarch/sphinxcontrib-bibtex-2.3.0-pyhd8ed1ab_0.tar.bz2#25a6f02d7790249ef3b491243568e52d
https://conda.anaconda.org/conda-forge/noarch/twine-3.4.1-pyhd8ed1ab_0.tar.bz2#c7d4ab21a13c919f9ae59eae7bcebf2a
https://conda.anaconda.org/conda-forge/noarch/jupyterlab_server-2.6.1-pyhd8ed1ab_0.tar.bz2#fe7e8be480d485a4dfb76cb52b53d22c
https://conda.anaconda.org/conda-forge/noarch/notebook-6.4.0-pyha770c72_0.tar.bz2#1edbf3ee7482e201e572db0211e17f30
https://conda.anaconda.org/conda-forge/noarch/nbclassic-0.3.1-pyhd8ed1ab_1.tar.bz2#aa4f94da9fafb5b774493b26b631ad3f
https://conda.anaconda.org/conda-forge/osx-64/widgetsnbextension-3.5.1-py37hf985489_4.tar.bz2#6d710b69d390deed8dbf74c8b60e3f09
https://conda.anaconda.org/conda-forge/noarch/ipywidgets-7.6.3-pyhd3deb0d_0.tar.bz2#536a9ed6d9e740f2b83d1a3c388e4388
https://conda.anaconda.org/conda-forge/noarch/jupyterlab-3.0.16-pyhd8ed1ab_0.tar.bz2#48c10ee082d1649df09476e55bdc84e9
